// !$*UTF8*$!
{
	archiveVersion = 1;
	classes = {
	};
	objectVersion = 50;
	objects = {

/* Begin PBXBuildFile section */
		3B30EAE9228174DE00DEDEDB /* Person.m in Sources */ = {isa = PBXBuildFile; fileRef = 3B30EAE8228174DE00DEDEDB /* Person.m */; };
		3B4347EC227F59BC0017C092 /* main.m in Sources */ = {isa = PBXBuildFile; fileRef = 3B4347EB227F59BC0017C092 /* main.m */; };
		3B4347F6228003AD0017C092 /* Person.m in Sources */ = {isa = PBXBuildFile; fileRef = 3B4347F5228003AD0017C092 /* Person.m */; };
		3B4347F9228005690017C092 /* Sturent.m in Sources */ = {isa = PBXBuildFile; fileRef = 3B4347F8228005690017C092 /* Sturent.m */; };
		3B94ECE92280A4D20077BB88 /* main.m in Sources */ = {isa = PBXBuildFile; fileRef = 3B94ECE82280A4D20077BB88 /* main.m */; };
		3BEEE9222281BC320037D19B /* Student.m in Sources */ = {isa = PBXBuildFile; fileRef = 3BEEE9212281BC320037D19B /* Student.m */; };
		3BEEE92B2281EA1C0037D19B /* AppDelegate.m in Sources */ = {isa = PBXBuildFile; fileRef = 3BEEE92A2281EA1C0037D19B /* AppDelegate.m */; };
		3BEEE92E2281EA1C0037D19B /* ViewController.m in Sources */ = {isa = PBXBuildFile; fileRef = 3BEEE92D2281EA1C0037D19B /* ViewController.m */; };
		3BEEE9312281EA1C0037D19B /* Main.storyboard in Resources */ = {isa = PBXBuildFile; fileRef = 3BEEE92F2281EA1C0037D19B /* Main.storyboard */; };
		3BEEE9332281EA1D0037D19B /* Assets.xcassets in Resources */ = {isa = PBXBuildFile; fileRef = 3BEEE9322281EA1D0037D19B /* Assets.xcassets */; };
		3BEEE9362281EA1D0037D19B /* LaunchScreen.storyboard in Resources */ = {isa = PBXBuildFile; fileRef = 3BEEE9342281EA1D0037D19B /* LaunchScreen.storyboard */; };
		3BEEE9392281EA1D0037D19B /* main.m in Sources */ = {isa = PBXBuildFile; fileRef = 3BEEE9382281EA1D0037D19B /* main.m */; };
/* End PBXBuildFile section */

/* Begin PBXCopyFilesBuildPhase section */
		3B4347E6227F59BC0017C092 /* CopyFiles */ = {
			isa = PBXCopyFilesBuildPhase;
			buildActionMask = 2147483647;
			dstPath = /usr/share/man/man1/;
			dstSubfolderSpec = 0;
			files = (
			);
			runOnlyForDeploymentPostprocessing = 1;
		};
		3B94ECE42280A4D10077BB88 /* CopyFiles */ = {
			isa = PBXCopyFilesBuildPhase;
			buildActionMask = 2147483647;
			dstPath = /usr/share/man/man1/;
			dstSubfolderSpec = 0;
			files = (
			);
			runOnlyForDeploymentPostprocessing = 1;
		};
/* End PBXCopyFilesBuildPhase section */

/* Begin PBXFileReference section */
		3B30EAE7228174DE00DEDEDB /* Person.h */ = {isa = PBXFileReference; lastKnownFileType = sourcecode.c.h; path = Person.h; sourceTree = "<group>"; };
		3B30EAE8228174DE00DEDEDB /* Person.m */ = {isa = PBXFileReference; lastKnownFileType = sourcecode.c.objc; path = Person.m; sourceTree = "<group>"; };
		3B4347E8227F59BC0017C092 /* RuntimeDemo */ = {isa = PBXFileReference; explicitFileType = "compiled.mach-o.executable"; includeInIndex = 0; path = RuntimeDemo; sourceTree = BUILT_PRODUCTS_DIR; };
		3B4347EB227F59BC0017C092 /* main.m */ = {isa = PBXFileReference; lastKnownFileType = sourcecode.c.objc; path = main.m; sourceTree = "<group>"; };
		3B4347F2227FD8AF0017C092 /* Person.h */ = {isa = PBXFileReference; lastKnownFileType = sourcecode.c.h; path = Person.h; sourceTree = "<group>"; };
		3B4347F5228003AD0017C092 /* Person.m */ = {isa = PBXFileReference; fileEncoding = 4; lastKnownFileType = sourcecode.c.objc; path = Person.m; sourceTree = "<group>"; };
		3B4347F7228005690017C092 /* Sturent.h */ = {isa = PBXFileReference; lastKnownFileType = sourcecode.c.h; path = Sturent.h; sourceTree = "<group>"; };
		3B4347F8228005690017C092 /* Sturent.m */ = {isa = PBXFileReference; lastKnownFileType = sourcecode.c.objc; path = Sturent.m; sourceTree = "<group>"; };
		3B94ECE62280A4D10077BB88 /* superDemo */ = {isa = PBXFileReference; explicitFileType = "compiled.mach-o.executable"; includeInIndex = 0; path = superDemo; sourceTree = BUILT_PRODUCTS_DIR; };
		3B94ECE82280A4D20077BB88 /* main.m */ = {isa = PBXFileReference; lastKnownFileType = sourcecode.c.objc; path = main.m; sourceTree = "<group>"; };
		3BEEE9202281BC320037D19B /* Student.h */ = {isa = PBXFileReference; lastKnownFileType = sourcecode.c.h; path = Student.h; sourceTree = "<group>"; };
		3BEEE9212281BC320037D19B /* Student.m */ = {isa = PBXFileReference; lastKnownFileType = sourcecode.c.objc; path = Student.m; sourceTree = "<group>"; };
		3BEEE9272281EA1C0037D19B /* otherDemo.app */ = {isa = PBXFileReference; explicitFileType = wrapper.application; includeInIndex = 0; path = otherDemo.app; sourceTree = BUILT_PRODUCTS_DIR; };
		3BEEE9292281EA1C0037D19B /* AppDelegate.h */ = {isa = PBXFileReference; lastKnownFileType = sourcecode.c.h; path = AppDelegate.h; sourceTree = "<group>"; };
		3BEEE92A2281EA1C0037D19B /* AppDelegate.m */ = {isa = PBXFileReference; lastKnownFileType = sourcecode.c.objc; path = AppDelegate.m; sourceTree = "<group>"; };
		3BEEE92C2281EA1C0037D19B /* ViewController.h */ = {isa = PBXFileReference; lastKnownFileType = sourcecode.c.h; path = ViewController.h; sourceTree = "<group>"; };
		3BEEE92D2281EA1C0037D19B /* ViewController.m */ = {isa = PBXFileReference; lastKnownFileType = sourcecode.c.objc; path = ViewController.m; sourceTree = "<group>"; };
		3BEEE9302281EA1C0037D19B /* Base */ = {isa = PBXFileReference; lastKnownFileType = file.storyboard; name = Base; path = Base.lproj/Main.storyboard; sourceTree = "<group>"; };
		3BEEE9322281EA1D0037D19B /* Assets.xcassets */ = {isa = PBXFileReference; lastKnownFileType = folder.assetcatalog; path = Assets.xcassets; sourceTree = "<group>"; };
		3BEEE9352281EA1D0037D19B /* Base */ = {isa = PBXFileReference; lastKnownFileType = file.storyboard; name = Base; path = Base.lproj/LaunchScreen.storyboard; sourceTree = "<group>"; };
		3BEEE9372281EA1D0037D19B /* Info.plist */ = {isa = PBXFileReference; lastKnownFileType = text.plist.xml; path = Info.plist; sourceTree = "<group>"; };
		3BEEE9382281EA1D0037D19B /* main.m */ = {isa = PBXFileReference; lastKnownFileType = sourcecode.c.objc; path = main.m; sourceTree = "<group>"; };
/* End PBXFileReference section */

/* Begin PBXFrameworksBuildPhase section */
		3B4347E5227F59BC0017C092 /* Frameworks */ = {
			isa = PBXFrameworksBuildPhase;
			buildActionMask = 2147483647;
			files = (
			);
			runOnlyForDeploymentPostprocessing = 0;
		};
		3B94ECE32280A4D10077BB88 /* Frameworks */ = {
			isa = PBXFrameworksBuildPhase;
			buildActionMask = 2147483647;
			files = (
			);
			runOnlyForDeploymentPostprocessing = 0;
		};
		3BEEE9242281EA1C0037D19B /* Frameworks */ = {
			isa = PBXFrameworksBuildPhase;
			buildActionMask = 2147483647;
			files = (
			);
			runOnlyForDeploymentPostprocessing = 0;
		};
/* End PBXFrameworksBuildPhase section */

/* Begin PBXGroup section */
		3B4347DF227F59BC0017C092 = {
			isa = PBXGroup;
			children = (
				3B4347EA227F59BC0017C092 /* RuntimeDemo */,
				3B94ECE72280A4D20077BB88 /* superDemo */,
				3BEEE9282281EA1C0037D19B /* otherDemo */,
				3B4347E9227F59BC0017C092 /* Products */,
			);
			sourceTree = "<group>";
		};
		3B4347E9227F59BC0017C092 /* Products */ = {
			isa = PBXGroup;
			children = (
				3B4347E8227F59BC0017C092 /* RuntimeDemo */,
				3B94ECE62280A4D10077BB88 /* superDemo */,
				3BEEE9272281EA1C0037D19B /* otherDemo.app */,
			);
			name = Products;
			sourceTree = "<group>";
		};
		3B4347EA227F59BC0017C092 /* RuntimeDemo */ = {
			isa = PBXGroup;
			children = (
				3B4347EB227F59BC0017C092 /* main.m */,
				3B4347F2227FD8AF0017C092 /* Person.h */,
				3B4347F5228003AD0017C092 /* Person.m */,
				3B4347F7228005690017C092 /* Sturent.h */,
				3B4347F8228005690017C092 /* Sturent.m */,
			);
			path = RuntimeDemo;
			sourceTree = "<group>";
		};
		3B94ECE72280A4D20077BB88 /* superDemo */ = {
			isa = PBXGroup;
			children = (
				3B94ECE82280A4D20077BB88 /* main.m */,
				3B30EAE7228174DE00DEDEDB /* Person.h */,
				3B30EAE8228174DE00DEDEDB /* Person.m */,
				3BEEE9202281BC320037D19B /* Student.h */,
				3BEEE9212281BC320037D19B /* Student.m */,
			);
			path = superDemo;
			sourceTree = "<group>";
		};
		3BEEE9282281EA1C0037D19B /* otherDemo */ = {
			isa = PBXGroup;
			children = (
				3BEEE9292281EA1C0037D19B /* AppDelegate.h */,
				3BEEE92A2281EA1C0037D19B /* AppDelegate.m */,
				3BEEE92C2281EA1C0037D19B /* ViewController.h */,
				3BEEE92D2281EA1C0037D19B /* ViewController.m */,
				3BEEE92F2281EA1C0037D19B /* Main.storyboard */,
				3BEEE9322281EA1D0037D19B /* Assets.xcassets */,
				3BEEE9342281EA1D0037D19B /* LaunchScreen.storyboard */,
				3BEEE9372281EA1D0037D19B /* Info.plist */,
				3BEEE9382281EA1D0037D19B /* main.m */,
			);
			path = otherDemo;
			sourceTree = "<group>";
		};
/* End PBXGroup section */

/* Begin PBXNativeTarget section */
		3B4347E7227F59BC0017C092 /* RuntimeDemo */ = {
			isa = PBXNativeTarget;
			buildConfigurationList = 3B4347EF227F59BC0017C092 /* Build configuration list for PBXNativeTarget "RuntimeDemo" */;
			buildPhases = (
				3B4347E4227F59BC0017C092 /* Sources */,
				3B4347E5227F59BC0017C092 /* Frameworks */,
				3B4347E6227F59BC0017C092 /* CopyFiles */,
			);
			buildRules = (
			);
			dependencies = (
			);
			name = RuntimeDemo;
			productName = RuntimeDemo;
			productReference = 3B4347E8227F59BC0017C092 /* RuntimeDemo */;
			productType = "com.apple.product-type.tool";
		};
		3B94ECE52280A4D10077BB88 /* superDemo */ = {
			isa = PBXNativeTarget;
			buildConfigurationList = 3B94ECEC2280A4D20077BB88 /* Build configuration list for PBXNativeTarget "superDemo" */;
			buildPhases = (
				3B94ECE22280A4D10077BB88 /* Sources */,
				3B94ECE32280A4D10077BB88 /* Frameworks */,
				3B94ECE42280A4D10077BB88 /* CopyFiles */,
			);
			buildRules = (
			);
			dependencies = (
			);
			name = superDemo;
			productName = superDemo;
			productReference = 3B94ECE62280A4D10077BB88 /* superDemo */;
			productType = "com.apple.product-type.tool";
		};
		3BEEE9262281EA1C0037D19B /* otherDemo */ = {
			isa = PBXNativeTarget;
			buildConfigurationList = 3BEEE93A2281EA1D0037D19B /* Build configuration list for PBXNativeTarget "otherDemo" */;
			buildPhases = (
				3BEEE9232281EA1C0037D19B /* Sources */,
				3BEEE9242281EA1C0037D19B /* Frameworks */,
				3BEEE9252281EA1C0037D19B /* Resources */,
			);
			buildRules = (
			);
			dependencies = (
			);
			name = otherDemo;
			productName = otherDemo;
			productReference = 3BEEE9272281EA1C0037D19B /* otherDemo.app */;
			productType = "com.apple.product-type.application";
		};
/* End PBXNativeTarget section */

/* Begin PBXProject section */
		3B4347E0227F59BC0017C092 /* Project object */ = {
			isa = PBXProject;
			attributes = {
				LastUpgradeCheck = 1010;
				ORGANIZATIONNAME = CharType;
				TargetAttributes = {
					3B4347E7227F59BC0017C092 = {
						CreatedOnToolsVersion = 10.1;
					};
					3B94ECE52280A4D10077BB88 = {
						CreatedOnToolsVersion = 10.1;
					};
					3BEEE9262281EA1C0037D19B = {
						CreatedOnToolsVersion = 10.1;
					};
				};
			};
			buildConfigurationList = 3B4347E3227F59BC0017C092 /* Build configuration list for PBXProject "RuntimeDemo" */;
			compatibilityVersion = "Xcode 9.3";
			developmentRegion = en;
			hasScannedForEncodings = 0;
			knownRegions = (
				en,
				Base,
			);
			mainGroup = 3B4347DF227F59BC0017C092;
			productRefGroup = 3B4347E9227F59BC0017C092 /* Products */;
			projectDirPath = "";
			projectRoot = "";
			targets = (
				3B4347E7227F59BC0017C092 /* RuntimeDemo */,
				3B94ECE52280A4D10077BB88 /* superDemo */,
				3BEEE9262281EA1C0037D19B /* otherDemo */,
			);
		};
/* End PBXProject section */

/* Begin PBXResourcesBuildPhase section */
		3BEEE9252281EA1C0037D19B /* Resources */ = {
			isa = PBXResourcesBuildPhase;
			buildActionMask = 2147483647;
			files = (
				3BEEE9362281EA1D0037D19B /* LaunchScreen.storyboard in Resources */,
				3BEEE9332281EA1D0037D19B /* Assets.xcassets in Resources */,
				3BEEE9312281EA1C0037D19B /* Main.storyboard in Resources */,
			);
			runOnlyForDeploymentPostprocessing = 0;
		};
/* End PBXResourcesBuildPhase section */

/* Begin PBXSourcesBuildPhase section */
		3B4347E4227F59BC0017C092 /* Sources */ = {
			isa = PBXSourcesBuildPhase;
			buildActionMask = 2147483647;
			files = (
				3B4347F6228003AD0017C092 /* Person.m in Sources */,
				3B4347EC227F59BC0017C092 /* main.m in Sources */,
				3B4347F9228005690017C092 /* Sturent.m in Sources */,
			);
			runOnlyForDeploymentPostprocessing = 0;
		};
		3B94ECE22280A4D10077BB88 /* Sources */ = {
			isa = PBXSourcesBuildPhase;
			buildActionMask = 2147483647;
			files = (
				3B30EAE9228174DE00DEDEDB /* Person.m in Sources */,
				3B94ECE92280A4D20077BB88 /* main.m in Sources */,
				3BEEE9222281BC320037D19B /* Student.m in Sources */,
			);
			runOnlyForDeploymentPostprocessing = 0;
		};
		3BEEE9232281EA1C0037D19B /* Sources */ = {
			isa = PBXSourcesBuildPhase;
			buildActionMask = 2147483647;
			files = (
				3BEEE92E2281EA1C0037D19B /* ViewController.m in Sources */,
				3BEEE9392281EA1D0037D19B /* main.m in Sources */,
				3BEEE92B2281EA1C0037D19B /* AppDelegate.m in Sources */,
			);
			runOnlyForDeploymentPostprocessing = 0;
		};
/* End PBXSourcesBuildPhase section */

/* Begin PBXVariantGroup section */
		3BEEE92F2281EA1C0037D19B /* Main.storyboard */ = {
			isa = PBXVariantGroup;
			children = (
				3BEEE9302281EA1C0037D19B /* Base */,
			);
			name = Main.storyboard;
			sourceTree = "<group>";
		};
		3BEEE9342281EA1D0037D19B /* LaunchScreen.storyboard */ = {
			isa = PBXVariantGroup;
			children = (
				3BEEE9352281EA1D0037D19B /* Base */,
			);
			name = LaunchScreen.storyboard;
			sourceTree = "<group>";
		};
/* End PBXVariantGroup section */

/* Begin XCBuildConfiguration section */
		3B4347ED227F59BC0017C092 /* Debug */ = {
			isa = XCBuildConfiguration;
			buildSettings = {
				ALWAYS_SEARCH_USER_PATHS = NO;
				CLANG_ANALYZER_NONNULL = YES;
				CLANG_ANALYZER_NUMBER_OBJECT_CONVERSION = YES_AGGRESSIVE;
				CLANG_CXX_LANGUAGE_STANDARD = "gnu++14";
				CLANG_CXX_LIBRARY = "libc++";
				CLANG_ENABLE_MODULES = YES;
				CLANG_ENABLE_OBJC_ARC = YES;
				CLANG_ENABLE_OBJC_WEAK = YES;
				CLANG_WARN_BLOCK_CAPTURE_AUTORELEASING = YES;
				CLANG_WARN_BOOL_CONVERSION = YES;
				CLANG_WARN_COMMA = YES;
				CLANG_WARN_CONSTANT_CONVERSION = YES;
				CLANG_WARN_DEPRECATED_OBJC_IMPLEMENTATIONS = YES;
				CLANG_WARN_DIRECT_OBJC_ISA_USAGE = YES_ERROR;
				CLANG_WARN_DOCUMENTATION_COMMENTS = YES;
				CLANG_WARN_EMPTY_BODY = YES;
				CLANG_WARN_ENUM_CONVERSION = YES;
				CLANG_WARN_INFINITE_RECURSION = YES;
				CLANG_WARN_INT_CONVERSION = YES;
				CLANG_WARN_NON_LITERAL_NULL_CONVERSION = YES;
				CLANG_WARN_OBJC_IMPLICIT_RETAIN_SELF = YES;
				CLANG_WARN_OBJC_LITERAL_CONVERSION = YES;
				CLANG_WARN_OBJC_ROOT_CLASS = YES_ERROR;
				CLANG_WARN_RANGE_LOOP_ANALYSIS = YES;
				CLANG_WARN_STRICT_PROTOTYPES = YES;
				CLANG_WARN_SUSPICIOUS_MOVE = YES;
				CLANG_WARN_UNGUARDED_AVAILABILITY = YES_AGGRESSIVE;
				CLANG_WARN_UNREACHABLE_CODE = YES;
				CLANG_WARN__DUPLICATE_METHOD_MATCH = YES;
				CODE_SIGN_IDENTITY = "-";
				COPY_PHASE_STRIP = NO;
				DEBUG_INFORMATION_FORMAT = dwarf;
				ENABLE_STRICT_OBJC_MSGSEND = YES;
				ENABLE_TESTABILITY = YES;
				GCC_C_LANGUAGE_STANDARD = gnu11;
				GCC_DYNAMIC_NO_PIC = NO;
				GCC_NO_COMMON_BLOCKS = YES;
				GCC_OPTIMIZATION_LEVEL = 0;
				GCC_PREPROCESSOR_DEFINITIONS = (
					"DEBUG=1",
					"$(inherited)",
				);
				GCC_WARN_64_TO_32_BIT_CONVERSION = YES;
				GCC_WARN_ABOUT_RETURN_TYPE = YES_ERROR;
				GCC_WARN_UNDECLARED_SELECTOR = YES;
				GCC_WARN_UNINITIALIZED_AUTOS = YES_AGGRESSIVE;
				GCC_WARN_UNUSED_FUNCTION = YES;
				GCC_WARN_UNUSED_VARIABLE = YES;
				MACOSX_DEPLOYMENT_TARGET = 10.14;
				MTL_ENABLE_DEBUG_INFO = INCLUDE_SOURCE;
				MTL_FAST_MATH = YES;
				ONLY_ACTIVE_ARCH = YES;
				SDKROOT = macosx;
			};
			name = Debug;
		};
		3B4347EE227F59BC0017C092 /* Release */ = {
			isa = XCBuildConfiguration;
			buildSettings = {
				ALWAYS_SEARCH_USER_PATHS = NO;
				CLANG_ANALYZER_NONNULL = YES;
				CLANG_ANALYZER_NUMBER_OBJECT_CONVERSION = YES_AGGRESSIVE;
				CLANG_CXX_LANGUAGE_STANDARD = "gnu++14";
				CLANG_CXX_LIBRARY = "libc++";
				CLANG_ENABLE_MODULES = YES;
				CLANG_ENABLE_OBJC_ARC = YES;
				CLANG_ENABLE_OBJC_WEAK = YES;
				CLANG_WARN_BLOCK_CAPTURE_AUTORELEASING = YES;
				CLANG_WARN_BOOL_CONVERSION = YES;
				CLANG_WARN_COMMA = YES;
				CLANG_WARN_CONSTANT_CONVERSION = YES;
				CLANG_WARN_DEPRECATED_OBJC_IMPLEMENTATIONS = YES;
				CLANG_WARN_DIRECT_OBJC_ISA_USAGE = YES_ERROR;
				CLANG_WARN_DOCUMENTATION_COMMENTS = YES;
				CLANG_WARN_EMPTY_BODY = YES;
				CLANG_WARN_ENUM_CONVERSION = YES;
				CLANG_WARN_INFINITE_RECURSION = YES;
				CLANG_WARN_INT_CONVERSION = YES;
				CLANG_WARN_NON_LITERAL_NULL_CONVERSION = YES;
				CLANG_WARN_OBJC_IMPLICIT_RETAIN_SELF = YES;
				CLANG_WARN_OBJC_LITERAL_CONVERSION = YES;
				CLANG_WARN_OBJC_ROOT_CLASS = YES_ERROR;
				CLANG_WARN_RANGE_LOOP_ANALYSIS = YES;
				CLANG_WARN_STRICT_PROTOTYPES = YES;
				CLANG_WARN_SUSPICIOUS_MOVE = YES;
				CLANG_WARN_UNGUARDED_AVAILABILITY = YES_AGGRESSIVE;
				CLANG_WARN_UNREACHABLE_CODE = YES;
				CLANG_WARN__DUPLICATE_METHOD_MATCH = YES;
				CODE_SIGN_IDENTITY = "-";
				COPY_PHASE_STRIP = NO;
				DEBUG_INFORMATION_FORMAT = "dwarf-with-dsym";
				ENABLE_NS_ASSERTIONS = NO;
				ENABLE_STRICT_OBJC_MSGSEND = YES;
				GCC_C_LANGUAGE_STANDARD = gnu11;
				GCC_NO_COMMON_BLOCKS = YES;
				GCC_WARN_64_TO_32_BIT_CONVERSION = YES;
				GCC_WARN_ABOUT_RETURN_TYPE = YES_ERROR;
				GCC_WARN_UNDECLARED_SELECTOR = YES;
				GCC_WARN_UNINITIALIZED_AUTOS = YES_AGGRESSIVE;
				GCC_WARN_UNUSED_FUNCTION = YES;
				GCC_WARN_UNUSED_VARIABLE = YES;
				MACOSX_DEPLOYMENT_TARGET = 10.14;
				MTL_ENABLE_DEBUG_INFO = NO;
				MTL_FAST_MATH = YES;
				SDKROOT = macosx;
			};
			name = Release;
		};
		3B4347F0227F59BC0017C092 /* Debug */ = {
			isa = XCBuildConfiguration;
			buildSettings = {
				CODE_SIGN_STYLE = Automatic;
				PRODUCT_NAME = "$(TARGET_NAME)";
			};
			name = Debug;
		};
		3B4347F1227F59BC0017C092 /* Release */ = {
			isa = XCBuildConfiguration;
			buildSettings = {
				CODE_SIGN_STYLE = Automatic;
				PRODUCT_NAME = "$(TARGET_NAME)";
			};
			name = Release;
		};
		3B94ECEA2280A4D20077BB88 /* Debug */ = {
			isa = XCBuildConfiguration;
			buildSettings = {
				CODE_SIGN_STYLE = Automatic;
				PRODUCT_NAME = "$(TARGET_NAME)";
			};
			name = Debug;
		};
		3B94ECEB2280A4D20077BB88 /* Release */ = {
			isa = XCBuildConfiguration;
			buildSettings = {
				CODE_SIGN_STYLE = Automatic;
				PRODUCT_NAME = "$(TARGET_NAME)";
			};
			name = Release;
		};
		3BEEE93B2281EA1D0037D19B /* Debug */ = {
			isa = XCBuildConfiguration;
			buildSettings = {
				ASSETCATALOG_COMPILER_APPICON_NAME = AppIcon;
				CODE_SIGN_IDENTITY = "iPhone Developer";
				CODE_SIGN_STYLE = Automatic;
				INFOPLIST_FILE = otherDemo/Info.plist;
				IPHONEOS_DEPLOYMENT_TARGET = 12.1;
				LD_RUNPATH_SEARCH_PATHS = (
					"$(inherited)",
					"@executable_path/Frameworks",
				);
				PRODUCT_BUNDLE_IDENTIFIER = com.ashaj.www.otherDemo;
				PRODUCT_NAME = "$(TARGET_NAME)";
				SDKROOT = iphoneos;
				TARGETED_DEVICE_FAMILY = "1,2";
			};
			name = Debug;
		};
		3BEEE93C2281EA1D0037D19B /* Release */ = {
			isa = XCBuildConfiguration;
			buildSettings = {
				ASSETCATALOG_COMPILER_APPICON_NAME = AppIcon;
				CODE_SIGN_IDENTITY = "iPhone Developer";
				CODE_SIGN_STYLE = Automatic;
				INFOPLIST_FILE = otherDemo/Info.plist;
				IPHONEOS_DEPLOYMENT_TARGET = 12.1;
				LD_RUNPATH_SEARCH_PATHS = (
					"$(inherited)",
					"@executable_path/Frameworks",
				);
				PRODUCT_BUNDLE_IDENTIFIER = com.ashaj.www.otherDemo;
				PRODUCT_NAME = "$(TARGET_NAME)";
				SDKROOT = iphoneos;
				TARGETED_DEVICE_FAMILY = "1,2";
				VALIDATE_PRODUCT = YES;
			};
			name = Release;
		};
/* End XCBuildConfiguration section */

/* Begin XCConfigurationList section */
		3B4347E3227F59BC0017C092 /* Build configuration list for PBXProject "RuntimeDemo" */ = {
			isa = XCConfigurationList;
			buildConfigurations = (
				3B4347ED227F59BC0017C092 /* Debug */,
				3B4347EE227F59BC0017C092 /* Release */,
			);
			defaultConfigurationIsVisible = 0;
			defaultConfigurationName = Release;
		};
		3B4347EF227F59BC0017C092 /* Build configuration list for PBXNativeTarget "RuntimeDemo" */ = {
			isa = XCConfigurationList;
			buildConfigurations = (
				3B4347F0227F59BC0017C092 /* Debug */,
				3B4347F1227F59BC0017C092 /* Release */,
			);
			defaultConfigurationIsVisible = 0;
			defaultConfigurationName = Release;
		};
		3B94ECEC2280A4D20077BB88 /* Build configuration list for PBXNativeTarget "superDemo" */ = {
			isa = XCConfigurationList;
			buildConfigurations = (
				3B94ECEA2280A4D20077BB88 /* Debug */,
				3B94ECEB2280A4D20077BB88 /* Release */,
			);
			defaultConfigurationIsVisible = 0;
			defaultConfigurationName = Release;
		};
		3BEEE93A2281EA1D0037D19B /* Build configuration list for PBXNativeTarget "otherDemo" */ = {
			isa = XCConfigurationList;
			buildConfigurations = (
				3BEEE93B2281EA1D0037D19B /* Debug */,
				3BEEE93C2281EA1D0037D19B /* Release */,
			);
			defaultConfigurationIsVisible = 0;
			defaultConfigurationName = Release;
		};
/* End XCConfigurationList section */
	};
	rootObject = 3B4347E0227F59BC0017C092 /* Project object */;
}
