// !$*UTF8*$!
{
	archiveVersion = 1;
	classes = {
	};
	objectVersion = 50;
	objects = {

/* Begin PBXBuildFile section */
		3B1F5827226CCC8A0018B4B2 /* AppDelegate.m in Sources */ = {isa = PBXBuildFile; fileRef = 3B1F5826226CCC8A0018B4B2 /* AppDelegate.m */; };
		3B1F582A226CCC8A0018B4B2 /* ViewController.m in Sources */ = {isa = PBXBuildFile; fileRef = 3B1F5829226CCC8A0018B4B2 /* ViewController.m */; };
		3B1F582D226CCC8A0018B4B2 /* Main.storyboard in Resources */ = {isa = PBXBuildFile; fileRef = 3B1F582B226CCC8A0018B4B2 /* Main.storyboard */; };
		3B1F582F226CCC8A0018B4B2 /* Assets.xcassets in Resources */ = {isa = PBXBuildFile; fileRef = 3B1F582E226CCC8A0018B4B2 /* Assets.xcassets */; };
		3B1F5832226CCC8A0018B4B2 /* LaunchScreen.storyboard in Resources */ = {isa = PBXBuildFile; fileRef = 3B1F5830226CCC8A0018B4B2 /* LaunchScreen.storyboard */; };
		3B1F5835226CCC8A0018B4B2 /* main.m in Sources */ = {isa = PBXBuildFile; fileRef = 3B1F5834226CCC8A0018B4B2 /* main.m */; };
		3B93E932224E6C7F008017FF /* AppDelegate.m in Sources */ = {isa = PBXBuildFile; fileRef = 3B93E931224E6C7F008017FF /* AppDelegate.m */; };
		3B93E935224E6C7F008017FF /* ViewController.m in Sources */ = {isa = PBXBuildFile; fileRef = 3B93E934224E6C7F008017FF /* ViewController.m */; };
		3B93E938224E6C7F008017FF /* Main.storyboard in Resources */ = {isa = PBXBuildFile; fileRef = 3B93E936224E6C7F008017FF /* Main.storyboard */; };
		3B93E93A224E6C7F008017FF /* Assets.xcassets in Resources */ = {isa = PBXBuildFile; fileRef = 3B93E939224E6C7F008017FF /* Assets.xcassets */; };
		3B93E93D224E6C7F008017FF /* LaunchScreen.storyboard in Resources */ = {isa = PBXBuildFile; fileRef = 3B93E93B224E6C7F008017FF /* LaunchScreen.storyboard */; };
		3B93E940224E6C7F008017FF /* main.m in Sources */ = {isa = PBXBuildFile; fileRef = 3B93E93F224E6C7F008017FF /* main.m */; };
/* End PBXBuildFile section */

/* Begin PBXFileReference section */
		3B1F57EF226CCC600018B4B2 /* AppDelegate.h */ = {isa = PBXFileReference; lastKnownFileType = sourcecode.c.h; path = AppDelegate.h; sourceTree = "<group>"; };
		3B1F57F0226CCC600018B4B2 /* AppDelegate.m */ = {isa = PBXFileReference; lastKnownFileType = sourcecode.c.objc; path = AppDelegate.m; sourceTree = "<group>"; };
		3B1F57F2226CCC600018B4B2 /* ViewController.h */ = {isa = PBXFileReference; lastKnownFileType = sourcecode.c.h; path = ViewController.h; sourceTree = "<group>"; };
		3B1F57F3226CCC600018B4B2 /* ViewController.m */ = {isa = PBXFileReference; lastKnownFileType = sourcecode.c.objc; path = ViewController.m; sourceTree = "<group>"; };
		3B1F57F6226CCC600018B4B2 /* Base */ = {isa = PBXFileReference; lastKnownFileType = file.storyboard; name = Base; path = Base.lproj/Main.storyboard; sourceTree = "<group>"; };
		3B1F57F8226CCC620018B4B2 /* Assets.xcassets */ = {isa = PBXFileReference; lastKnownFileType = folder.assetcatalog; path = Assets.xcassets; sourceTree = "<group>"; };
		3B1F57FB226CCC620018B4B2 /* Base */ = {isa = PBXFileReference; lastKnownFileType = file.storyboard; name = Base; path = Base.lproj/LaunchScreen.storyboard; sourceTree = "<group>"; };
		3B1F57FD226CCC620018B4B2 /* Info.plist */ = {isa = PBXFileReference; lastKnownFileType = text.plist.xml; path = Info.plist; sourceTree = "<group>"; };
		3B1F57FE226CCC620018B4B2 /* main.m */ = {isa = PBXFileReference; lastKnownFileType = sourcecode.c.objc; path = main.m; sourceTree = "<group>"; };
		3B1F5808226CCC620018B4B2 /* ___DemoTests.m */ = {isa = PBXFileReference; lastKnownFileType = sourcecode.c.objc; path = "___DemoTests.m"; sourceTree = "<group>"; };
		3B1F580A226CCC620018B4B2 /* Info.plist */ = {isa = PBXFileReference; lastKnownFileType = text.plist.xml; path = Info.plist; sourceTree = "<group>"; };
		3B1F5813226CCC620018B4B2 /* ___DemoUITests.m */ = {isa = PBXFileReference; lastKnownFileType = sourcecode.c.objc; path = "___DemoUITests.m"; sourceTree = "<group>"; };
		3B1F5815226CCC620018B4B2 /* Info.plist */ = {isa = PBXFileReference; lastKnownFileType = text.plist.xml; path = Info.plist; sourceTree = "<group>"; };
		3B1F5823226CCC8A0018B4B2 /* 多线程Demo.app */ = {isa = PBXFileReference; explicitFileType = wrapper.application; includeInIndex = 0; path = "多线程Demo.app"; sourceTree = BUILT_PRODUCTS_DIR; };
		3B1F5825226CCC8A0018B4B2 /* AppDelegate.h */ = {isa = PBXFileReference; lastKnownFileType = sourcecode.c.h; path = AppDelegate.h; sourceTree = "<group>"; };
		3B1F5826226CCC8A0018B4B2 /* AppDelegate.m */ = {isa = PBXFileReference; lastKnownFileType = sourcecode.c.objc; path = AppDelegate.m; sourceTree = "<group>"; };
		3B1F5828226CCC8A0018B4B2 /* ViewController.h */ = {isa = PBXFileReference; lastKnownFileType = sourcecode.c.h; path = ViewController.h; sourceTree = "<group>"; };
		3B1F5829226CCC8A0018B4B2 /* ViewController.m */ = {isa = PBXFileReference; lastKnownFileType = sourcecode.c.objc; path = ViewController.m; sourceTree = "<group>"; };
		3B1F582C226CCC8A0018B4B2 /* Base */ = {isa = PBXFileReference; lastKnownFileType = file.storyboard; name = Base; path = Base.lproj/Main.storyboard; sourceTree = "<group>"; };
		3B1F582E226CCC8A0018B4B2 /* Assets.xcassets */ = {isa = PBXFileReference; lastKnownFileType = folder.assetcatalog; path = Assets.xcassets; sourceTree = "<group>"; };
		3B1F5831226CCC8A0018B4B2 /* Base */ = {isa = PBXFileReference; lastKnownFileType = file.storyboard; name = Base; path = Base.lproj/LaunchScreen.storyboard; sourceTree = "<group>"; };
		3B1F5833226CCC8A0018B4B2 /* Info.plist */ = {isa = PBXFileReference; lastKnownFileType = text.plist.xml; path = Info.plist; sourceTree = "<group>"; };
		3B1F5834226CCC8A0018B4B2 /* main.m */ = {isa = PBXFileReference; lastKnownFileType = sourcecode.c.objc; path = main.m; sourceTree = "<group>"; };
		3B93E92D224E6C7F008017FF /* GCDDemo.app */ = {isa = PBXFileReference; explicitFileType = wrapper.application; includeInIndex = 0; path = GCDDemo.app; sourceTree = BUILT_PRODUCTS_DIR; };
		3B93E930224E6C7F008017FF /* AppDelegate.h */ = {isa = PBXFileReference; lastKnownFileType = sourcecode.c.h; path = AppDelegate.h; sourceTree = "<group>"; };
		3B93E931224E6C7F008017FF /* AppDelegate.m */ = {isa = PBXFileReference; lastKnownFileType = sourcecode.c.objc; path = AppDelegate.m; sourceTree = "<group>"; };
		3B93E933224E6C7F008017FF /* ViewController.h */ = {isa = PBXFileReference; lastKnownFileType = sourcecode.c.h; path = ViewController.h; sourceTree = "<group>"; };
		3B93E934224E6C7F008017FF /* ViewController.m */ = {isa = PBXFileReference; lastKnownFileType = sourcecode.c.objc; path = ViewController.m; sourceTree = "<group>"; };
		3B93E937224E6C7F008017FF /* Base */ = {isa = PBXFileReference; lastKnownFileType = file.storyboard; name = Base; path = Base.lproj/Main.storyboard; sourceTree = "<group>"; };
		3B93E939224E6C7F008017FF /* Assets.xcassets */ = {isa = PBXFileReference; lastKnownFileType = folder.assetcatalog; path = Assets.xcassets; sourceTree = "<group>"; };
		3B93E93C224E6C7F008017FF /* Base */ = {isa = PBXFileReference; lastKnownFileType = file.storyboard; name = Base; path = Base.lproj/LaunchScreen.storyboard; sourceTree = "<group>"; };
		3B93E93E224E6C7F008017FF /* Info.plist */ = {isa = PBXFileReference; lastKnownFileType = text.plist.xml; path = Info.plist; sourceTree = "<group>"; };
		3B93E93F224E6C7F008017FF /* main.m */ = {isa = PBXFileReference; lastKnownFileType = sourcecode.c.objc; path = main.m; sourceTree = "<group>"; };
		3B93E949224E6C80008017FF /* GCDDemoTests.m */ = {isa = PBXFileReference; lastKnownFileType = sourcecode.c.objc; path = GCDDemoTests.m; sourceTree = "<group>"; };
		3B93E94B224E6C80008017FF /* Info.plist */ = {isa = PBXFileReference; lastKnownFileType = text.plist.xml; path = Info.plist; sourceTree = "<group>"; };
		3B93E954224E6C80008017FF /* GCDDemoUITests.m */ = {isa = PBXFileReference; lastKnownFileType = sourcecode.c.objc; path = GCDDemoUITests.m; sourceTree = "<group>"; };
		3B93E956224E6C80008017FF /* Info.plist */ = {isa = PBXFileReference; lastKnownFileType = text.plist.xml; path = Info.plist; sourceTree = "<group>"; };
/* End PBXFileReference section */

/* Begin PBXFrameworksBuildPhase section */
		3B1F5820226CCC8A0018B4B2 /* Frameworks */ = {
			isa = PBXFrameworksBuildPhase;
			buildActionMask = 2147483647;
			files = (
			);
			runOnlyForDeploymentPostprocessing = 0;
		};
		3B93E92A224E6C7F008017FF /* Frameworks */ = {
			isa = PBXFrameworksBuildPhase;
			buildActionMask = 2147483647;
			files = (
			);
			runOnlyForDeploymentPostprocessing = 0;
		};
/* End PBXFrameworksBuildPhase section */

/* Begin PBXGroup section */
		3B1F57EE226CCC600018B4B2 /* 多线程Demo */ = {
			isa = PBXGroup;
			children = (
				3B1F57EF226CCC600018B4B2 /* AppDelegate.h */,
				3B1F57F0226CCC600018B4B2 /* AppDelegate.m */,
				3B1F57F2226CCC600018B4B2 /* ViewController.h */,
				3B1F57F3226CCC600018B4B2 /* ViewController.m */,
				3B1F57F5226CCC600018B4B2 /* Main.storyboard */,
				3B1F57F8226CCC620018B4B2 /* Assets.xcassets */,
				3B1F57FA226CCC620018B4B2 /* LaunchScreen.storyboard */,
				3B1F57FD226CCC620018B4B2 /* Info.plist */,
				3B1F57FE226CCC620018B4B2 /* main.m */,
			);
			path = "多线程Demo";
			sourceTree = "<group>";
		};
		3B1F5807226CCC620018B4B2 /* 多线程DemoTests */ = {
			isa = PBXGroup;
			children = (
				3B1F5808226CCC620018B4B2 /* ___DemoTests.m */,
				3B1F580A226CCC620018B4B2 /* Info.plist */,
			);
			path = "多线程DemoTests";
			sourceTree = "<group>";
		};
		3B1F5812226CCC620018B4B2 /* 多线程DemoUITests */ = {
			isa = PBXGroup;
			children = (
				3B1F5813226CCC620018B4B2 /* ___DemoUITests.m */,
				3B1F5815226CCC620018B4B2 /* Info.plist */,
			);
			path = "多线程DemoUITests";
			sourceTree = "<group>";
		};
		3B1F5824226CCC8A0018B4B2 /* 多线程Demo */ = {
			isa = PBXGroup;
			children = (
				3B1F5825226CCC8A0018B4B2 /* AppDelegate.h */,
				3B1F5826226CCC8A0018B4B2 /* AppDelegate.m */,
				3B1F5828226CCC8A0018B4B2 /* ViewController.h */,
				3B1F5829226CCC8A0018B4B2 /* ViewController.m */,
				3B1F582B226CCC8A0018B4B2 /* Main.storyboard */,
				3B1F582E226CCC8A0018B4B2 /* Assets.xcassets */,
				3B1F5830226CCC8A0018B4B2 /* LaunchScreen.storyboard */,
				3B1F5833226CCC8A0018B4B2 /* Info.plist */,
				3B1F5834226CCC8A0018B4B2 /* main.m */,
			);
			path = "多线程Demo";
			sourceTree = "<group>";
		};
		3B93E924224E6C7F008017FF = {
			isa = PBXGroup;
			children = (
				3B93E92F224E6C7F008017FF /* GCDDemo */,
				3B93E948224E6C80008017FF /* GCDDemoTests */,
				3B93E953224E6C80008017FF /* GCDDemoUITests */,
				3B1F57EE226CCC600018B4B2 /* 多线程Demo */,
				3B1F5807226CCC620018B4B2 /* 多线程DemoTests */,
				3B1F5812226CCC620018B4B2 /* 多线程DemoUITests */,
				3B1F5824226CCC8A0018B4B2 /* 多线程Demo */,
				3B93E92E224E6C7F008017FF /* Products */,
			);
			sourceTree = "<group>";
		};
		3B93E92E224E6C7F008017FF /* Products */ = {
			isa = PBXGroup;
			children = (
				3B93E92D224E6C7F008017FF /* GCDDemo.app */,
				3B1F5823226CCC8A0018B4B2 /* 多线程Demo.app */,
			);
			name = Products;
			sourceTree = "<group>";
		};
		3B93E92F224E6C7F008017FF /* GCDDemo */ = {
			isa = PBXGroup;
			children = (
				3B93E930224E6C7F008017FF /* AppDelegate.h */,
				3B93E931224E6C7F008017FF /* AppDelegate.m */,
				3B93E933224E6C7F008017FF /* ViewController.h */,
				3B93E934224E6C7F008017FF /* ViewController.m */,
				3B93E936224E6C7F008017FF /* Main.storyboard */,
				3B93E939224E6C7F008017FF /* Assets.xcassets */,
				3B93E93B224E6C7F008017FF /* LaunchScreen.storyboard */,
				3B93E93E224E6C7F008017FF /* Info.plist */,
				3B93E93F224E6C7F008017FF /* main.m */,
			);
			path = GCDDemo;
			sourceTree = "<group>";
		};
		3B93E948224E6C80008017FF /* GCDDemoTests */ = {
			isa = PBXGroup;
			children = (
				3B93E949224E6C80008017FF /* GCDDemoTests.m */,
				3B93E94B224E6C80008017FF /* Info.plist */,
			);
			path = GCDDemoTests;
			sourceTree = "<group>";
		};
		3B93E953224E6C80008017FF /* GCDDemoUITests */ = {
			isa = PBXGroup;
			children = (
				3B93E954224E6C80008017FF /* GCDDemoUITests.m */,
				3B93E956224E6C80008017FF /* Info.plist */,
			);
			path = GCDDemoUITests;
			sourceTree = "<group>";
		};
/* End PBXGroup section */

/* Begin PBXNativeTarget section */
		3B1F5822226CCC8A0018B4B2 /* 多线程Demo */ = {
			isa = PBXNativeTarget;
			buildConfigurationList = 3B1F5836226CCC8A0018B4B2 /* Build configuration list for PBXNativeTarget "多线程Demo" */;
			buildPhases = (
				3B1F581F226CCC8A0018B4B2 /* Sources */,
				3B1F5820226CCC8A0018B4B2 /* Frameworks */,
				3B1F5821226CCC8A0018B4B2 /* Resources */,
			);
			buildRules = (
			);
			dependencies = (
			);
			name = "多线程Demo";
			productName = "多线程Demo";
			productReference = 3B1F5823226CCC8A0018B4B2 /* 多线程Demo.app */;
			productType = "com.apple.product-type.application";
		};
		3B93E92C224E6C7F008017FF /* GCDDemo */ = {
			isa = PBXNativeTarget;
			buildConfigurationList = 3B93E959224E6C80008017FF /* Build configuration list for PBXNativeTarget "GCDDemo" */;
			buildPhases = (
				3B93E929224E6C7F008017FF /* Sources */,
				3B93E92A224E6C7F008017FF /* Frameworks */,
				3B93E92B224E6C7F008017FF /* Resources */,
			);
			buildRules = (
			);
			dependencies = (
			);
			name = GCDDemo;
			productName = GCDDemo;
			productReference = 3B93E92D224E6C7F008017FF /* GCDDemo.app */;
			productType = "com.apple.product-type.application";
		};
/* End PBXNativeTarget section */

/* Begin PBXProject section */
		3B93E925224E6C7F008017FF /* Project object */ = {
			isa = PBXProject;
			attributes = {
				LastUpgradeCheck = 1010;
				ORGANIZATIONNAME = CharType;
				TargetAttributes = {
					3B1F5822226CCC8A0018B4B2 = {
						CreatedOnToolsVersion = 10.1;
					};
					3B93E92C224E6C7F008017FF = {
						CreatedOnToolsVersion = 10.1;
					};
				};
			};
			buildConfigurationList = 3B93E928224E6C7F008017FF /* Build configuration list for PBXProject "GCDDemo" */;
			compatibilityVersion = "Xcode 9.3";
			developmentRegion = en;
			hasScannedForEncodings = 0;
			knownRegions = (
				en,
				Base,
			);
			mainGroup = 3B93E924224E6C7F008017FF;
			productRefGroup = 3B93E92E224E6C7F008017FF /* Products */;
			projectDirPath = "";
			projectRoot = "";
			targets = (
				3B93E92C224E6C7F008017FF /* GCDDemo */,
				3B1F5822226CCC8A0018B4B2 /* 多线程Demo */,
			);
		};
/* End PBXProject section */

/* Begin PBXResourcesBuildPhase section */
		3B1F5821226CCC8A0018B4B2 /* Resources */ = {
			isa = PBXResourcesBuildPhase;
			buildActionMask = 2147483647;
			files = (
				3B1F5832226CCC8A0018B4B2 /* LaunchScreen.storyboard in Resources */,
				3B1F582F226CCC8A0018B4B2 /* Assets.xcassets in Resources */,
				3B1F582D226CCC8A0018B4B2 /* Main.storyboard in Resources */,
			);
			runOnlyForDeploymentPostprocessing = 0;
		};
		3B93E92B224E6C7F008017FF /* Resources */ = {
			isa = PBXResourcesBuildPhase;
			buildActionMask = 2147483647;
			files = (
				3B93E93D224E6C7F008017FF /* LaunchScreen.storyboard in Resources */,
				3B93E93A224E6C7F008017FF /* Assets.xcassets in Resources */,
				3B93E938224E6C7F008017FF /* Main.storyboard in Resources */,
			);
			runOnlyForDeploymentPostprocessing = 0;
		};
/* End PBXResourcesBuildPhase section */

/* Begin PBXSourcesBuildPhase section */
		3B1F581F226CCC8A0018B4B2 /* Sources */ = {
			isa = PBXSourcesBuildPhase;
			buildActionMask = 2147483647;
			files = (
				3B1F582A226CCC8A0018B4B2 /* ViewController.m in Sources */,
				3B1F5835226CCC8A0018B4B2 /* main.m in Sources */,
				3B1F5827226CCC8A0018B4B2 /* AppDelegate.m in Sources */,
			);
			runOnlyForDeploymentPostprocessing = 0;
		};
		3B93E929224E6C7F008017FF /* Sources */ = {
			isa = PBXSourcesBuildPhase;
			buildActionMask = 2147483647;
			files = (
				3B93E935224E6C7F008017FF /* ViewController.m in Sources */,
				3B93E940224E6C7F008017FF /* main.m in Sources */,
				3B93E932224E6C7F008017FF /* AppDelegate.m in Sources */,
			);
			runOnlyForDeploymentPostprocessing = 0;
		};
/* End PBXSourcesBuildPhase section */

/* Begin PBXVariantGroup section */
		3B1F57F5226CCC600018B4B2 /* Main.storyboard */ = {
			isa = PBXVariantGroup;
			children = (
				3B1F57F6226CCC600018B4B2 /* Base */,
			);
			name = Main.storyboard;
			sourceTree = "<group>";
		};
		3B1F57FA226CCC620018B4B2 /* LaunchScreen.storyboard */ = {
			isa = PBXVariantGroup;
			children = (
				3B1F57FB226CCC620018B4B2 /* Base */,
			);
			name = LaunchScreen.storyboard;
			sourceTree = "<group>";
		};
		3B1F582B226CCC8A0018B4B2 /* Main.storyboard */ = {
			isa = PBXVariantGroup;
			children = (
				3B1F582C226CCC8A0018B4B2 /* Base */,
			);
			name = Main.storyboard;
			sourceTree = "<group>";
		};
		3B1F5830226CCC8A0018B4B2 /* LaunchScreen.storyboard */ = {
			isa = PBXVariantGroup;
			children = (
				3B1F5831226CCC8A0018B4B2 /* Base */,
			);
			name = LaunchScreen.storyboard;
			sourceTree = "<group>";
		};
		3B93E936224E6C7F008017FF /* Main.storyboard */ = {
			isa = PBXVariantGroup;
			children = (
				3B93E937224E6C7F008017FF /* Base */,
			);
			name = Main.storyboard;
			sourceTree = "<group>";
		};
		3B93E93B224E6C7F008017FF /* LaunchScreen.storyboard */ = {
			isa = PBXVariantGroup;
			children = (
				3B93E93C224E6C7F008017FF /* Base */,
			);
			name = LaunchScreen.storyboard;
			sourceTree = "<group>";
		};
/* End PBXVariantGroup section */

/* Begin XCBuildConfiguration section */
		3B1F5837226CCC8A0018B4B2 /* Debug */ = {
			isa = XCBuildConfiguration;
			buildSettings = {
				ASSETCATALOG_COMPILER_APPICON_NAME = AppIcon;
				CODE_SIGN_STYLE = Automatic;
				INFOPLIST_FILE = "多线程Demo/Info.plist";
				LD_RUNPATH_SEARCH_PATHS = (
					"$(inherited)",
					"@executable_path/Frameworks",
				);
				PRODUCT_BUNDLE_IDENTIFIER = "com.ashaj.www.---Demo";
				PRODUCT_NAME = "$(TARGET_NAME)";
				TARGETED_DEVICE_FAMILY = "1,2";
			};
			name = Debug;
		};
		3B1F5838226CCC8A0018B4B2 /* Release */ = {
			isa = XCBuildConfiguration;
			buildSettings = {
				ASSETCATALOG_COMPILER_APPICON_NAME = AppIcon;
				CODE_SIGN_STYLE = Automatic;
				INFOPLIST_FILE = "多线程Demo/Info.plist";
				LD_RUNPATH_SEARCH_PATHS = (
					"$(inherited)",
					"@executable_path/Frameworks",
				);
				PRODUCT_BUNDLE_IDENTIFIER = "com.ashaj.www.---Demo";
				PRODUCT_NAME = "$(TARGET_NAME)";
				TARGETED_DEVICE_FAMILY = "1,2";
			};
			name = Release;
		};
		3B93E957224E6C80008017FF /* Debug */ = {
			isa = XCBuildConfiguration;
			buildSettings = {
				ALWAYS_SEARCH_USER_PATHS = NO;
				CLANG_ANALYZER_NONNULL = YES;
				CLANG_ANALYZER_NUMBER_OBJECT_CONVERSION = YES_AGGRESSIVE;
				CLANG_CXX_LANGUAGE_STANDARD = "gnu++14";
				CLANG_CXX_LIBRARY = "libc++";
				CLANG_ENABLE_MODULES = YES;
				CLANG_ENABLE_OBJC_ARC = YES;
				CLANG_ENABLE_OBJC_WEAK = YES;
				CLANG_WARN_BLOCK_CAPTURE_AUTORELEASING = YES;
				CLANG_WARN_BOOL_CONVERSION = YES;
				CLANG_WARN_COMMA = YES;
				CLANG_WARN_CONSTANT_CONVERSION = YES;
				CLANG_WARN_DEPRECATED_OBJC_IMPLEMENTATIONS = YES;
				CLANG_WARN_DIRECT_OBJC_ISA_USAGE = YES_ERROR;
				CLANG_WARN_DOCUMENTATION_COMMENTS = YES;
				CLANG_WARN_EMPTY_BODY = YES;
				CLANG_WARN_ENUM_CONVERSION = YES;
				CLANG_WARN_INFINITE_RECURSION = YES;
				CLANG_WARN_INT_CONVERSION = YES;
				CLANG_WARN_NON_LITERAL_NULL_CONVERSION = YES;
				CLANG_WARN_OBJC_IMPLICIT_RETAIN_SELF = YES;
				CLANG_WARN_OBJC_LITERAL_CONVERSION = YES;
				CLANG_WARN_OBJC_ROOT_CLASS = YES_ERROR;
				CLANG_WARN_RANGE_LOOP_ANALYSIS = YES;
				CLANG_WARN_STRICT_PROTOTYPES = YES;
				CLANG_WARN_SUSPICIOUS_MOVE = YES;
				CLANG_WARN_UNGUARDED_AVAILABILITY = YES_AGGRESSIVE;
				CLANG_WARN_UNREACHABLE_CODE = YES;
				CLANG_WARN__DUPLICATE_METHOD_MATCH = YES;
				CODE_SIGN_IDENTITY = "iPhone Developer";
				COPY_PHASE_STRIP = NO;
				DEBUG_INFORMATION_FORMAT = dwarf;
				ENABLE_STRICT_OBJC_MSGSEND = YES;
				ENABLE_TESTABILITY = YES;
				GCC_C_LANGUAGE_STANDARD = gnu11;
				GCC_DYNAMIC_NO_PIC = NO;
				GCC_NO_COMMON_BLOCKS = YES;
				GCC_OPTIMIZATION_LEVEL = 0;
				GCC_PREPROCESSOR_DEFINITIONS = (
					"DEBUG=1",
					"$(inherited)",
				);
				GCC_WARN_64_TO_32_BIT_CONVERSION = YES;
				GCC_WARN_ABOUT_RETURN_TYPE = YES_ERROR;
				GCC_WARN_UNDECLARED_SELECTOR = YES;
				GCC_WARN_UNINITIALIZED_AUTOS = YES_AGGRESSIVE;
				GCC_WARN_UNUSED_FUNCTION = YES;
				GCC_WARN_UNUSED_VARIABLE = YES;
				IPHONEOS_DEPLOYMENT_TARGET = 12.1;
				MTL_ENABLE_DEBUG_INFO = INCLUDE_SOURCE;
				MTL_FAST_MATH = YES;
				ONLY_ACTIVE_ARCH = YES;
				SDKROOT = iphoneos;
			};
			name = Debug;
		};
		3B93E958224E6C80008017FF /* Release */ = {
			isa = XCBuildConfiguration;
			buildSettings = {
				ALWAYS_SEARCH_USER_PATHS = NO;
				CLANG_ANALYZER_NONNULL = YES;
				CLANG_ANALYZER_NUMBER_OBJECT_CONVERSION = YES_AGGRESSIVE;
				CLANG_CXX_LANGUAGE_STANDARD = "gnu++14";
				CLANG_CXX_LIBRARY = "libc++";
				CLANG_ENABLE_MODULES = YES;
				CLANG_ENABLE_OBJC_ARC = YES;
				CLANG_ENABLE_OBJC_WEAK = YES;
				CLANG_WARN_BLOCK_CAPTURE_AUTORELEASING = YES;
				CLANG_WARN_BOOL_CONVERSION = YES;
				CLANG_WARN_COMMA = YES;
				CLANG_WARN_CONSTANT_CONVERSION = YES;
				CLANG_WARN_DEPRECATED_OBJC_IMPLEMENTATIONS = YES;
				CLANG_WARN_DIRECT_OBJC_ISA_USAGE = YES_ERROR;
				CLANG_WARN_DOCUMENTATION_COMMENTS = YES;
				CLANG_WARN_EMPTY_BODY = YES;
				CLANG_WARN_ENUM_CONVERSION = YES;
				CLANG_WARN_INFINITE_RECURSION = YES;
				CLANG_WARN_INT_CONVERSION = YES;
				CLANG_WARN_NON_LITERAL_NULL_CONVERSION = YES;
				CLANG_WARN_OBJC_IMPLICIT_RETAIN_SELF = YES;
				CLANG_WARN_OBJC_LITERAL_CONVERSION = YES;
				CLANG_WARN_OBJC_ROOT_CLASS = YES_ERROR;
				CLANG_WARN_RANGE_LOOP_ANALYSIS = YES;
				CLANG_WARN_STRICT_PROTOTYPES = YES;
				CLANG_WARN_SUSPICIOUS_MOVE = YES;
				CLANG_WARN_UNGUARDED_AVAILABILITY = YES_AGGRESSIVE;
				CLANG_WARN_UNREACHABLE_CODE = YES;
				CLANG_WARN__DUPLICATE_METHOD_MATCH = YES;
				CODE_SIGN_IDENTITY = "iPhone Developer";
				COPY_PHASE_STRIP = NO;
				DEBUG_INFORMATION_FORMAT = "dwarf-with-dsym";
				ENABLE_NS_ASSERTIONS = NO;
				ENABLE_STRICT_OBJC_MSGSEND = YES;
				GCC_C_LANGUAGE_STANDARD = gnu11;
				GCC_NO_COMMON_BLOCKS = YES;
				GCC_WARN_64_TO_32_BIT_CONVERSION = YES;
				GCC_WARN_ABOUT_RETURN_TYPE = YES_ERROR;
				GCC_WARN_UNDECLARED_SELECTOR = YES;
				GCC_WARN_UNINITIALIZED_AUTOS = YES_AGGRESSIVE;
				GCC_WARN_UNUSED_FUNCTION = YES;
				GCC_WARN_UNUSED_VARIABLE = YES;
				IPHONEOS_DEPLOYMENT_TARGET = 12.1;
				MTL_ENABLE_DEBUG_INFO = NO;
				MTL_FAST_MATH = YES;
				SDKROOT = iphoneos;
				VALIDATE_PRODUCT = YES;
			};
			name = Release;
		};
		3B93E95A224E6C80008017FF /* Debug */ = {
			isa = XCBuildConfiguration;
			buildSettings = {
				ASSETCATALOG_COMPILER_APPICON_NAME = AppIcon;
				CODE_SIGN_STYLE = Automatic;
				INFOPLIST_FILE = GCDDemo/Info.plist;
				LD_RUNPATH_SEARCH_PATHS = (
					"$(inherited)",
					"@executable_path/Frameworks",
				);
				PRODUCT_BUNDLE_IDENTIFIER = com.ashaj.www.GCDDemo;
				PRODUCT_NAME = "$(TARGET_NAME)";
				TARGETED_DEVICE_FAMILY = "1,2";
			};
			name = Debug;
		};
		3B93E95B224E6C80008017FF /* Release */ = {
			isa = XCBuildConfiguration;
			buildSettings = {
				ASSETCATALOG_COMPILER_APPICON_NAME = AppIcon;
				CODE_SIGN_STYLE = Automatic;
				INFOPLIST_FILE = GCDDemo/Info.plist;
				LD_RUNPATH_SEARCH_PATHS = (
					"$(inherited)",
					"@executable_path/Frameworks",
				);
				PRODUCT_BUNDLE_IDENTIFIER = com.ashaj.www.GCDDemo;
				PRODUCT_NAME = "$(TARGET_NAME)";
				TARGETED_DEVICE_FAMILY = "1,2";
			};
			name = Release;
		};
/* End XCBuildConfiguration section */

/* Begin XCConfigurationList section */
		3B1F5836226CCC8A0018B4B2 /* Build configuration list for PBXNativeTarget "多线程Demo" */ = {
			isa = XCConfigurationList;
			buildConfigurations = (
				3B1F5837226CCC8A0018B4B2 /* Debug */,
				3B1F5838226CCC8A0018B4B2 /* Release */,
			);
			defaultConfigurationIsVisible = 0;
			defaultConfigurationName = Release;
		};
		3B93E928224E6C7F008017FF /* Build configuration list for PBXProject "GCDDemo" */ = {
			isa = XCConfigurationList;
			buildConfigurations = (
				3B93E957224E6C80008017FF /* Debug */,
				3B93E958224E6C80008017FF /* Release */,
			);
			defaultConfigurationIsVisible = 0;
			defaultConfigurationName = Release;
		};
		3B93E959224E6C80008017FF /* Build configuration list for PBXNativeTarget "GCDDemo" */ = {
			isa = XCConfigurationList;
			buildConfigurations = (
				3B93E95A224E6C80008017FF /* Debug */,
				3B93E95B224E6C80008017FF /* Release */,
			);
			defaultConfigurationIsVisible = 0;
			defaultConfigurationName = Release;
		};
/* End XCConfigurationList section */
	};
	rootObject = 3B93E925224E6C7F008017FF /* Project object */;
}
