// !$*UTF8*$!
{
	archiveVersion = 1;
	classes = {
	};
	objectVersion = 50;
	objects = {

/* Begin PBXBuildFile section */
		3BAF825D224551D1003E6DFD /* AppDelegate.m in Sources */ = {isa = PBXBuildFile; fileRef = 3BAF825C224551D1003E6DFD /* AppDelegate.m */; };
		3BAF8260224551D1003E6DFD /* ViewController.m in Sources */ = {isa = PBXBuildFile; fileRef = 3BAF825F224551D1003E6DFD /* ViewController.m */; };
		3BAF8263224551D1003E6DFD /* Main.storyboard in Resources */ = {isa = PBXBuildFile; fileRef = 3BAF8261224551D1003E6DFD /* Main.storyboard */; };
		3BAF8265224551D3003E6DFD /* Assets.xcassets in Resources */ = {isa = PBXBuildFile; fileRef = 3BAF8264224551D3003E6DFD /* Assets.xcassets */; };
		3BAF8268224551D3003E6DFD /* LaunchScreen.storyboard in Resources */ = {isa = PBXBuildFile; fileRef = 3BAF8266224551D3003E6DFD /* LaunchScreen.storyboard */; };
		3BAF826B224551D3003E6DFD /* main.m in Sources */ = {isa = PBXBuildFile; fileRef = 3BAF826A224551D3003E6DFD /* main.m */; };
		3BAF8275224551D3003E6DFD /* RunLoopDemoTests.m in Sources */ = {isa = PBXBuildFile; fileRef = 3BAF8274224551D3003E6DFD /* RunLoopDemoTests.m */; };
		3BAF8280224551D3003E6DFD /* RunLoopDemoUITests.m in Sources */ = {isa = PBXBuildFile; fileRef = 3BAF827F224551D3003E6DFD /* RunLoopDemoUITests.m */; };
		3BD2E9AA224B14F800A7AB38 /* ZTHThread.m in Sources */ = {isa = PBXBuildFile; fileRef = 3BD2E9A9224B14F800A7AB38 /* ZTHThread.m */; };
		3BD2E9AD224B18EF00A7AB38 /* TWOViewController.m in Sources */ = {isa = PBXBuildFile; fileRef = 3BD2E9AC224B18EF00A7AB38 /* TWOViewController.m */; };
/* End PBXBuildFile section */

/* Begin PBXContainerItemProxy section */
		3BAF8271224551D3003E6DFD /* PBXContainerItemProxy */ = {
			isa = PBXContainerItemProxy;
			containerPortal = 3BAF8250224551D1003E6DFD /* Project object */;
			proxyType = 1;
			remoteGlobalIDString = 3BAF8257224551D1003E6DFD;
			remoteInfo = RunLoopDemo;
		};
		3BAF827C224551D3003E6DFD /* PBXContainerItemProxy */ = {
			isa = PBXContainerItemProxy;
			containerPortal = 3BAF8250224551D1003E6DFD /* Project object */;
			proxyType = 1;
			remoteGlobalIDString = 3BAF8257224551D1003E6DFD;
			remoteInfo = RunLoopDemo;
		};
/* End PBXContainerItemProxy section */

/* Begin PBXFileReference section */
		3BAF8258224551D1003E6DFD /* RunLoopDemo.app */ = {isa = PBXFileReference; explicitFileType = wrapper.application; includeInIndex = 0; path = RunLoopDemo.app; sourceTree = BUILT_PRODUCTS_DIR; };
		3BAF825B224551D1003E6DFD /* AppDelegate.h */ = {isa = PBXFileReference; lastKnownFileType = sourcecode.c.h; path = AppDelegate.h; sourceTree = "<group>"; };
		3BAF825C224551D1003E6DFD /* AppDelegate.m */ = {isa = PBXFileReference; lastKnownFileType = sourcecode.c.objc; path = AppDelegate.m; sourceTree = "<group>"; };
		3BAF825E224551D1003E6DFD /* ViewController.h */ = {isa = PBXFileReference; lastKnownFileType = sourcecode.c.h; path = ViewController.h; sourceTree = "<group>"; };
		3BAF825F224551D1003E6DFD /* ViewController.m */ = {isa = PBXFileReference; lastKnownFileType = sourcecode.c.objc; path = ViewController.m; sourceTree = "<group>"; };
		3BAF8262224551D1003E6DFD /* Base */ = {isa = PBXFileReference; lastKnownFileType = file.storyboard; name = Base; path = Base.lproj/Main.storyboard; sourceTree = "<group>"; };
		3BAF8264224551D3003E6DFD /* Assets.xcassets */ = {isa = PBXFileReference; lastKnownFileType = folder.assetcatalog; path = Assets.xcassets; sourceTree = "<group>"; };
		3BAF8267224551D3003E6DFD /* Base */ = {isa = PBXFileReference; lastKnownFileType = file.storyboard; name = Base; path = Base.lproj/LaunchScreen.storyboard; sourceTree = "<group>"; };
		3BAF8269224551D3003E6DFD /* Info.plist */ = {isa = PBXFileReference; lastKnownFileType = text.plist.xml; path = Info.plist; sourceTree = "<group>"; };
		3BAF826A224551D3003E6DFD /* main.m */ = {isa = PBXFileReference; lastKnownFileType = sourcecode.c.objc; path = main.m; sourceTree = "<group>"; };
		3BAF8270224551D3003E6DFD /* RunLoopDemoTests.xctest */ = {isa = PBXFileReference; explicitFileType = wrapper.cfbundle; includeInIndex = 0; path = RunLoopDemoTests.xctest; sourceTree = BUILT_PRODUCTS_DIR; };
		3BAF8274224551D3003E6DFD /* RunLoopDemoTests.m */ = {isa = PBXFileReference; lastKnownFileType = sourcecode.c.objc; path = RunLoopDemoTests.m; sourceTree = "<group>"; };
		3BAF8276224551D3003E6DFD /* Info.plist */ = {isa = PBXFileReference; lastKnownFileType = text.plist.xml; path = Info.plist; sourceTree = "<group>"; };
		3BAF827B224551D3003E6DFD /* RunLoopDemoUITests.xctest */ = {isa = PBXFileReference; explicitFileType = wrapper.cfbundle; includeInIndex = 0; path = RunLoopDemoUITests.xctest; sourceTree = BUILT_PRODUCTS_DIR; };
		3BAF827F224551D3003E6DFD /* RunLoopDemoUITests.m */ = {isa = PBXFileReference; lastKnownFileType = sourcecode.c.objc; path = RunLoopDemoUITests.m; sourceTree = "<group>"; };
		3BAF8281224551D3003E6DFD /* Info.plist */ = {isa = PBXFileReference; lastKnownFileType = text.plist.xml; path = Info.plist; sourceTree = "<group>"; };
		3BD2E9A8224B14F800A7AB38 /* ZTHThread.h */ = {isa = PBXFileReference; lastKnownFileType = sourcecode.c.h; path = ZTHThread.h; sourceTree = "<group>"; };
		3BD2E9A9224B14F800A7AB38 /* ZTHThread.m */ = {isa = PBXFileReference; lastKnownFileType = sourcecode.c.objc; path = ZTHThread.m; sourceTree = "<group>"; };
		3BD2E9AB224B18EF00A7AB38 /* TWOViewController.h */ = {isa = PBXFileReference; lastKnownFileType = sourcecode.c.h; path = TWOViewController.h; sourceTree = "<group>"; };
		3BD2E9AC224B18EF00A7AB38 /* TWOViewController.m */ = {isa = PBXFileReference; lastKnownFileType = sourcecode.c.objc; path = TWOViewController.m; sourceTree = "<group>"; };
/* End PBXFileReference section */

/* Begin PBXFrameworksBuildPhase section */
		3BAF8255224551D1003E6DFD /* Frameworks */ = {
			isa = PBXFrameworksBuildPhase;
			buildActionMask = 2147483647;
			files = (
			);
			runOnlyForDeploymentPostprocessing = 0;
		};
		3BAF826D224551D3003E6DFD /* Frameworks */ = {
			isa = PBXFrameworksBuildPhase;
			buildActionMask = 2147483647;
			files = (
			);
			runOnlyForDeploymentPostprocessing = 0;
		};
		3BAF8278224551D3003E6DFD /* Frameworks */ = {
			isa = PBXFrameworksBuildPhase;
			buildActionMask = 2147483647;
			files = (
			);
			runOnlyForDeploymentPostprocessing = 0;
		};
/* End PBXFrameworksBuildPhase section */

/* Begin PBXGroup section */
		3BAF824F224551D1003E6DFD = {
			isa = PBXGroup;
			children = (
				3BAF825A224551D1003E6DFD /* RunLoopDemo */,
				3BAF8273224551D3003E6DFD /* RunLoopDemoTests */,
				3BAF827E224551D3003E6DFD /* RunLoopDemoUITests */,
				3BAF8259224551D1003E6DFD /* Products */,
			);
			sourceTree = "<group>";
		};
		3BAF8259224551D1003E6DFD /* Products */ = {
			isa = PBXGroup;
			children = (
				3BAF8258224551D1003E6DFD /* RunLoopDemo.app */,
				3BAF8270224551D3003E6DFD /* RunLoopDemoTests.xctest */,
				3BAF827B224551D3003E6DFD /* RunLoopDemoUITests.xctest */,
			);
			name = Products;
			sourceTree = "<group>";
		};
		3BAF825A224551D1003E6DFD /* RunLoopDemo */ = {
			isa = PBXGroup;
			children = (
				3BAF825B224551D1003E6DFD /* AppDelegate.h */,
				3BAF825C224551D1003E6DFD /* AppDelegate.m */,
				3BAF825E224551D1003E6DFD /* ViewController.h */,
				3BAF825F224551D1003E6DFD /* ViewController.m */,
				3BD2E9AB224B18EF00A7AB38 /* TWOViewController.h */,
				3BD2E9AC224B18EF00A7AB38 /* TWOViewController.m */,
				3BAF8261224551D1003E6DFD /* Main.storyboard */,
				3BAF8264224551D3003E6DFD /* Assets.xcassets */,
				3BAF8266224551D3003E6DFD /* LaunchScreen.storyboard */,
				3BAF8269224551D3003E6DFD /* Info.plist */,
				3BAF826A224551D3003E6DFD /* main.m */,
				3BD2E9A8224B14F800A7AB38 /* ZTHThread.h */,
				3BD2E9A9224B14F800A7AB38 /* ZTHThread.m */,
			);
			path = RunLoopDemo;
			sourceTree = "<group>";
		};
		3BAF8273224551D3003E6DFD /* RunLoopDemoTests */ = {
			isa = PBXGroup;
			children = (
				3BAF8274224551D3003E6DFD /* RunLoopDemoTests.m */,
				3BAF8276224551D3003E6DFD /* Info.plist */,
			);
			path = RunLoopDemoTests;
			sourceTree = "<group>";
		};
		3BAF827E224551D3003E6DFD /* RunLoopDemoUITests */ = {
			isa = PBXGroup;
			children = (
				3BAF827F224551D3003E6DFD /* RunLoopDemoUITests.m */,
				3BAF8281224551D3003E6DFD /* Info.plist */,
			);
			path = RunLoopDemoUITests;
			sourceTree = "<group>";
		};
/* End PBXGroup section */

/* Begin PBXNativeTarget section */
		3BAF8257224551D1003E6DFD /* RunLoopDemo */ = {
			isa = PBXNativeTarget;
			buildConfigurationList = 3BAF8284224551D3003E6DFD /* Build configuration list for PBXNativeTarget "RunLoopDemo" */;
			buildPhases = (
				3BAF8254224551D1003E6DFD /* Sources */,
				3BAF8255224551D1003E6DFD /* Frameworks */,
				3BAF8256224551D1003E6DFD /* Resources */,
			);
			buildRules = (
			);
			dependencies = (
			);
			name = RunLoopDemo;
			productName = RunLoopDemo;
			productReference = 3BAF8258224551D1003E6DFD /* RunLoopDemo.app */;
			productType = "com.apple.product-type.application";
		};
		3BAF826F224551D3003E6DFD /* RunLoopDemoTests */ = {
			isa = PBXNativeTarget;
			buildConfigurationList = 3BAF8287224551D3003E6DFD /* Build configuration list for PBXNativeTarget "RunLoopDemoTests" */;
			buildPhases = (
				3BAF826C224551D3003E6DFD /* Sources */,
				3BAF826D224551D3003E6DFD /* Frameworks */,
				3BAF826E224551D3003E6DFD /* Resources */,
			);
			buildRules = (
			);
			dependencies = (
				3BAF8272224551D3003E6DFD /* PBXTargetDependency */,
			);
			name = RunLoopDemoTests;
			productName = RunLoopDemoTests;
			productReference = 3BAF8270224551D3003E6DFD /* RunLoopDemoTests.xctest */;
			productType = "com.apple.product-type.bundle.unit-test";
		};
		3BAF827A224551D3003E6DFD /* RunLoopDemoUITests */ = {
			isa = PBXNativeTarget;
			buildConfigurationList = 3BAF828A224551D3003E6DFD /* Build configuration list for PBXNativeTarget "RunLoopDemoUITests" */;
			buildPhases = (
				3BAF8277224551D3003E6DFD /* Sources */,
				3BAF8278224551D3003E6DFD /* Frameworks */,
				3BAF8279224551D3003E6DFD /* Resources */,
			);
			buildRules = (
			);
			dependencies = (
				3BAF827D224551D3003E6DFD /* PBXTargetDependency */,
			);
			name = RunLoopDemoUITests;
			productName = RunLoopDemoUITests;
			productReference = 3BAF827B224551D3003E6DFD /* RunLoopDemoUITests.xctest */;
			productType = "com.apple.product-type.bundle.ui-testing";
		};
/* End PBXNativeTarget section */

/* Begin PBXProject section */
		3BAF8250224551D1003E6DFD /* Project object */ = {
			isa = PBXProject;
			attributes = {
				LastUpgradeCheck = 1010;
				ORGANIZATIONNAME = CharType;
				TargetAttributes = {
					3BAF8257224551D1003E6DFD = {
						CreatedOnToolsVersion = 10.1;
					};
					3BAF826F224551D3003E6DFD = {
						CreatedOnToolsVersion = 10.1;
						TestTargetID = 3BAF8257224551D1003E6DFD;
					};
					3BAF827A224551D3003E6DFD = {
						CreatedOnToolsVersion = 10.1;
						TestTargetID = 3BAF8257224551D1003E6DFD;
					};
				};
			};
			buildConfigurationList = 3BAF8253224551D1003E6DFD /* Build configuration list for PBXProject "RunLoopDemo" */;
			compatibilityVersion = "Xcode 9.3";
			developmentRegion = en;
			hasScannedForEncodings = 0;
			knownRegions = (
				en,
				Base,
			);
			mainGroup = 3BAF824F224551D1003E6DFD;
			productRefGroup = 3BAF8259224551D1003E6DFD /* Products */;
			projectDirPath = "";
			projectRoot = "";
			targets = (
				3BAF8257224551D1003E6DFD /* RunLoopDemo */,
				3BAF826F224551D3003E6DFD /* RunLoopDemoTests */,
				3BAF827A224551D3003E6DFD /* RunLoopDemoUITests */,
			);
		};
/* End PBXProject section */

/* Begin PBXResourcesBuildPhase section */
		3BAF8256224551D1003E6DFD /* Resources */ = {
			isa = PBXResourcesBuildPhase;
			buildActionMask = 2147483647;
			files = (
				3BAF8268224551D3003E6DFD /* LaunchScreen.storyboard in Resources */,
				3BAF8265224551D3003E6DFD /* Assets.xcassets in Resources */,
				3BAF8263224551D1003E6DFD /* Main.storyboard in Resources */,
			);
			runOnlyForDeploymentPostprocessing = 0;
		};
		3BAF826E224551D3003E6DFD /* Resources */ = {
			isa = PBXResourcesBuildPhase;
			buildActionMask = 2147483647;
			files = (
			);
			runOnlyForDeploymentPostprocessing = 0;
		};
		3BAF8279224551D3003E6DFD /* Resources */ = {
			isa = PBXResourcesBuildPhase;
			buildActionMask = 2147483647;
			files = (
			);
			runOnlyForDeploymentPostprocessing = 0;
		};
/* End PBXResourcesBuildPhase section */

/* Begin PBXSourcesBuildPhase section */
		3BAF8254224551D1003E6DFD /* Sources */ = {
			isa = PBXSourcesBuildPhase;
			buildActionMask = 2147483647;
			files = (
				3BD2E9AD224B18EF00A7AB38 /* TWOViewController.m in Sources */,
				3BD2E9AA224B14F800A7AB38 /* ZTHThread.m in Sources */,
				3BAF8260224551D1003E6DFD /* ViewController.m in Sources */,
				3BAF826B224551D3003E6DFD /* main.m in Sources */,
				3BAF825D224551D1003E6DFD /* AppDelegate.m in Sources */,
			);
			runOnlyForDeploymentPostprocessing = 0;
		};
		3BAF826C224551D3003E6DFD /* Sources */ = {
			isa = PBXSourcesBuildPhase;
			buildActionMask = 2147483647;
			files = (
				3BAF8275224551D3003E6DFD /* RunLoopDemoTests.m in Sources */,
			);
			runOnlyForDeploymentPostprocessing = 0;
		};
		3BAF8277224551D3003E6DFD /* Sources */ = {
			isa = PBXSourcesBuildPhase;
			buildActionMask = 2147483647;
			files = (
				3BAF8280224551D3003E6DFD /* RunLoopDemoUITests.m in Sources */,
			);
			runOnlyForDeploymentPostprocessing = 0;
		};
/* End PBXSourcesBuildPhase section */

/* Begin PBXTargetDependency section */
		3BAF8272224551D3003E6DFD /* PBXTargetDependency */ = {
			isa = PBXTargetDependency;
			target = 3BAF8257224551D1003E6DFD /* RunLoopDemo */;
			targetProxy = 3BAF8271224551D3003E6DFD /* PBXContainerItemProxy */;
		};
		3BAF827D224551D3003E6DFD /* PBXTargetDependency */ = {
			isa = PBXTargetDependency;
			target = 3BAF8257224551D1003E6DFD /* RunLoopDemo */;
			targetProxy = 3BAF827C224551D3003E6DFD /* PBXContainerItemProxy */;
		};
/* End PBXTargetDependency section */

/* Begin PBXVariantGroup section */
		3BAF8261224551D1003E6DFD /* Main.storyboard */ = {
			isa = PBXVariantGroup;
			children = (
				3BAF8262224551D1003E6DFD /* Base */,
			);
			name = Main.storyboard;
			sourceTree = "<group>";
		};
		3BAF8266224551D3003E6DFD /* LaunchScreen.storyboard */ = {
			isa = PBXVariantGroup;
			children = (
				3BAF8267224551D3003E6DFD /* Base */,
			);
			name = LaunchScreen.storyboard;
			sourceTree = "<group>";
		};
/* End PBXVariantGroup section */

/* Begin XCBuildConfiguration section */
		3BAF8282224551D3003E6DFD /* Debug */ = {
			isa = XCBuildConfiguration;
			buildSettings = {
				ALWAYS_SEARCH_USER_PATHS = NO;
				CLANG_ANALYZER_NONNULL = YES;
				CLANG_ANALYZER_NUMBER_OBJECT_CONVERSION = YES_AGGRESSIVE;
				CLANG_CXX_LANGUAGE_STANDARD = "gnu++14";
				CLANG_CXX_LIBRARY = "libc++";
				CLANG_ENABLE_MODULES = YES;
				CLANG_ENABLE_OBJC_ARC = YES;
				CLANG_ENABLE_OBJC_WEAK = YES;
				CLANG_WARN_BLOCK_CAPTURE_AUTORELEASING = YES;
				CLANG_WARN_BOOL_CONVERSION = YES;
				CLANG_WARN_COMMA = YES;
				CLANG_WARN_CONSTANT_CONVERSION = YES;
				CLANG_WARN_DEPRECATED_OBJC_IMPLEMENTATIONS = YES;
				CLANG_WARN_DIRECT_OBJC_ISA_USAGE = YES_ERROR;
				CLANG_WARN_DOCUMENTATION_COMMENTS = YES;
				CLANG_WARN_EMPTY_BODY = YES;
				CLANG_WARN_ENUM_CONVERSION = YES;
				CLANG_WARN_INFINITE_RECURSION = YES;
				CLANG_WARN_INT_CONVERSION = YES;
				CLANG_WARN_NON_LITERAL_NULL_CONVERSION = YES;
				CLANG_WARN_OBJC_IMPLICIT_RETAIN_SELF = YES;
				CLANG_WARN_OBJC_LITERAL_CONVERSION = YES;
				CLANG_WARN_OBJC_ROOT_CLASS = YES_ERROR;
				CLANG_WARN_RANGE_LOOP_ANALYSIS = YES;
				CLANG_WARN_STRICT_PROTOTYPES = YES;
				CLANG_WARN_SUSPICIOUS_MOVE = YES;
				CLANG_WARN_UNGUARDED_AVAILABILITY = YES_AGGRESSIVE;
				CLANG_WARN_UNREACHABLE_CODE = YES;
				CLANG_WARN__DUPLICATE_METHOD_MATCH = YES;
				CODE_SIGN_IDENTITY = "iPhone Developer";
				COPY_PHASE_STRIP = NO;
				DEBUG_INFORMATION_FORMAT = dwarf;
				ENABLE_STRICT_OBJC_MSGSEND = YES;
				ENABLE_TESTABILITY = YES;
				GCC_C_LANGUAGE_STANDARD = gnu11;
				GCC_DYNAMIC_NO_PIC = NO;
				GCC_NO_COMMON_BLOCKS = YES;
				GCC_OPTIMIZATION_LEVEL = 0;
				GCC_PREPROCESSOR_DEFINITIONS = (
					"DEBUG=1",
					"$(inherited)",
				);
				GCC_WARN_64_TO_32_BIT_CONVERSION = YES;
				GCC_WARN_ABOUT_RETURN_TYPE = YES_ERROR;
				GCC_WARN_UNDECLARED_SELECTOR = YES;
				GCC_WARN_UNINITIALIZED_AUTOS = YES_AGGRESSIVE;
				GCC_WARN_UNUSED_FUNCTION = YES;
				GCC_WARN_UNUSED_VARIABLE = YES;
				IPHONEOS_DEPLOYMENT_TARGET = 12.1;
				MTL_ENABLE_DEBUG_INFO = INCLUDE_SOURCE;
				MTL_FAST_MATH = YES;
				ONLY_ACTIVE_ARCH = YES;
				SDKROOT = iphoneos;
			};
			name = Debug;
		};
		3BAF8283224551D3003E6DFD /* Release */ = {
			isa = XCBuildConfiguration;
			buildSettings = {
				ALWAYS_SEARCH_USER_PATHS = NO;
				CLANG_ANALYZER_NONNULL = YES;
				CLANG_ANALYZER_NUMBER_OBJECT_CONVERSION = YES_AGGRESSIVE;
				CLANG_CXX_LANGUAGE_STANDARD = "gnu++14";
				CLANG_CXX_LIBRARY = "libc++";
				CLANG_ENABLE_MODULES = YES;
				CLANG_ENABLE_OBJC_ARC = YES;
				CLANG_ENABLE_OBJC_WEAK = YES;
				CLANG_WARN_BLOCK_CAPTURE_AUTORELEASING = YES;
				CLANG_WARN_BOOL_CONVERSION = YES;
				CLANG_WARN_COMMA = YES;
				CLANG_WARN_CONSTANT_CONVERSION = YES;
				CLANG_WARN_DEPRECATED_OBJC_IMPLEMENTATIONS = YES;
				CLANG_WARN_DIRECT_OBJC_ISA_USAGE = YES_ERROR;
				CLANG_WARN_DOCUMENTATION_COMMENTS = YES;
				CLANG_WARN_EMPTY_BODY = YES;
				CLANG_WARN_ENUM_CONVERSION = YES;
				CLANG_WARN_INFINITE_RECURSION = YES;
				CLANG_WARN_INT_CONVERSION = YES;
				CLANG_WARN_NON_LITERAL_NULL_CONVERSION = YES;
				CLANG_WARN_OBJC_IMPLICIT_RETAIN_SELF = YES;
				CLANG_WARN_OBJC_LITERAL_CONVERSION = YES;
				CLANG_WARN_OBJC_ROOT_CLASS = YES_ERROR;
				CLANG_WARN_RANGE_LOOP_ANALYSIS = YES;
				CLANG_WARN_STRICT_PROTOTYPES = YES;
				CLANG_WARN_SUSPICIOUS_MOVE = YES;
				CLANG_WARN_UNGUARDED_AVAILABILITY = YES_AGGRESSIVE;
				CLANG_WARN_UNREACHABLE_CODE = YES;
				CLANG_WARN__DUPLICATE_METHOD_MATCH = YES;
				CODE_SIGN_IDENTITY = "iPhone Developer";
				COPY_PHASE_STRIP = NO;
				DEBUG_INFORMATION_FORMAT = "dwarf-with-dsym";
				ENABLE_NS_ASSERTIONS = NO;
				ENABLE_STRICT_OBJC_MSGSEND = YES;
				GCC_C_LANGUAGE_STANDARD = gnu11;
				GCC_NO_COMMON_BLOCKS = YES;
				GCC_WARN_64_TO_32_BIT_CONVERSION = YES;
				GCC_WARN_ABOUT_RETURN_TYPE = YES_ERROR;
				GCC_WARN_UNDECLARED_SELECTOR = YES;
				GCC_WARN_UNINITIALIZED_AUTOS = YES_AGGRESSIVE;
				GCC_WARN_UNUSED_FUNCTION = YES;
				GCC_WARN_UNUSED_VARIABLE = YES;
				IPHONEOS_DEPLOYMENT_TARGET = 12.1;
				MTL_ENABLE_DEBUG_INFO = NO;
				MTL_FAST_MATH = YES;
				SDKROOT = iphoneos;
				VALIDATE_PRODUCT = YES;
			};
			name = Release;
		};
		3BAF8285224551D3003E6DFD /* Debug */ = {
			isa = XCBuildConfiguration;
			buildSettings = {
				ASSETCATALOG_COMPILER_APPICON_NAME = AppIcon;
				CODE_SIGN_STYLE = Automatic;
				INFOPLIST_FILE = RunLoopDemo/Info.plist;
				LD_RUNPATH_SEARCH_PATHS = (
					"$(inherited)",
					"@executable_path/Frameworks",
				);
				PRODUCT_BUNDLE_IDENTIFIER = com.ashaj.www.RunLoopDemo;
				PRODUCT_NAME = "$(TARGET_NAME)";
				TARGETED_DEVICE_FAMILY = "1,2";
			};
			name = Debug;
		};
		3BAF8286224551D3003E6DFD /* Release */ = {
			isa = XCBuildConfiguration;
			buildSettings = {
				ASSETCATALOG_COMPILER_APPICON_NAME = AppIcon;
				CODE_SIGN_STYLE = Automatic;
				INFOPLIST_FILE = RunLoopDemo/Info.plist;
				LD_RUNPATH_SEARCH_PATHS = (
					"$(inherited)",
					"@executable_path/Frameworks",
				);
				PRODUCT_BUNDLE_IDENTIFIER = com.ashaj.www.RunLoopDemo;
				PRODUCT_NAME = "$(TARGET_NAME)";
				TARGETED_DEVICE_FAMILY = "1,2";
			};
			name = Release;
		};
		3BAF8288224551D3003E6DFD /* Debug */ = {
			isa = XCBuildConfiguration;
			buildSettings = {
				BUNDLE_LOADER = "$(TEST_HOST)";
				CODE_SIGN_STYLE = Automatic;
				INFOPLIST_FILE = RunLoopDemoTests/Info.plist;
				LD_RUNPATH_SEARCH_PATHS = (
					"$(inherited)",
					"@executable_path/Frameworks",
					"@loader_path/Frameworks",
				);
				PRODUCT_BUNDLE_IDENTIFIER = com.ashaj.www.RunLoopDemoTests;
				PRODUCT_NAME = "$(TARGET_NAME)";
				TARGETED_DEVICE_FAMILY = "1,2";
				TEST_HOST = "$(BUILT_PRODUCTS_DIR)/RunLoopDemo.app/RunLoopDemo";
			};
			name = Debug;
		};
		3BAF8289224551D3003E6DFD /* Release */ = {
			isa = XCBuildConfiguration;
			buildSettings = {
				BUNDLE_LOADER = "$(TEST_HOST)";
				CODE_SIGN_STYLE = Automatic;
				INFOPLIST_FILE = RunLoopDemoTests/Info.plist;
				LD_RUNPATH_SEARCH_PATHS = (
					"$(inherited)",
					"@executable_path/Frameworks",
					"@loader_path/Frameworks",
				);
				PRODUCT_BUNDLE_IDENTIFIER = com.ashaj.www.RunLoopDemoTests;
				PRODUCT_NAME = "$(TARGET_NAME)";
				TARGETED_DEVICE_FAMILY = "1,2";
				TEST_HOST = "$(BUILT_PRODUCTS_DIR)/RunLoopDemo.app/RunLoopDemo";
			};
			name = Release;
		};
		3BAF828B224551D3003E6DFD /* Debug */ = {
			isa = XCBuildConfiguration;
			buildSettings = {
				CODE_SIGN_STYLE = Automatic;
				INFOPLIST_FILE = RunLoopDemoUITests/Info.plist;
				LD_RUNPATH_SEARCH_PATHS = (
					"$(inherited)",
					"@executable_path/Frameworks",
					"@loader_path/Frameworks",
				);
				PRODUCT_BUNDLE_IDENTIFIER = com.ashaj.www.RunLoopDemoUITests;
				PRODUCT_NAME = "$(TARGET_NAME)";
				TARGETED_DEVICE_FAMILY = "1,2";
				TEST_TARGET_NAME = RunLoopDemo;
			};
			name = Debug;
		};
		3BAF828C224551D3003E6DFD /* Release */ = {
			isa = XCBuildConfiguration;
			buildSettings = {
				CODE_SIGN_STYLE = Automatic;
				INFOPLIST_FILE = RunLoopDemoUITests/Info.plist;
				LD_RUNPATH_SEARCH_PATHS = (
					"$(inherited)",
					"@executable_path/Frameworks",
					"@loader_path/Frameworks",
				);
				PRODUCT_BUNDLE_IDENTIFIER = com.ashaj.www.RunLoopDemoUITests;
				PRODUCT_NAME = "$(TARGET_NAME)";
				TARGETED_DEVICE_FAMILY = "1,2";
				TEST_TARGET_NAME = RunLoopDemo;
			};
			name = Release;
		};
/* End XCBuildConfiguration section */

/* Begin XCConfigurationList section */
		3BAF8253224551D1003E6DFD /* Build configuration list for PBXProject "RunLoopDemo" */ = {
			isa = XCConfigurationList;
			buildConfigurations = (
				3BAF8282224551D3003E6DFD /* Debug */,
				3BAF8283224551D3003E6DFD /* Release */,
			);
			defaultConfigurationIsVisible = 0;
			defaultConfigurationName = Release;
		};
		3BAF8284224551D3003E6DFD /* Build configuration list for PBXNativeTarget "RunLoopDemo" */ = {
			isa = XCConfigurationList;
			buildConfigurations = (
				3BAF8285224551D3003E6DFD /* Debug */,
				3BAF8286224551D3003E6DFD /* Release */,
			);
			defaultConfigurationIsVisible = 0;
			defaultConfigurationName = Release;
		};
		3BAF8287224551D3003E6DFD /* Build configuration list for PBXNativeTarget "RunLoopDemoTests" */ = {
			isa = XCConfigurationList;
			buildConfigurations = (
				3BAF8288224551D3003E6DFD /* Debug */,
				3BAF8289224551D3003E6DFD /* Release */,
			);
			defaultConfigurationIsVisible = 0;
			defaultConfigurationName = Release;
		};
		3BAF828A224551D3003E6DFD /* Build configuration list for PBXNativeTarget "RunLoopDemoUITests" */ = {
			isa = XCConfigurationList;
			buildConfigurations = (
				3BAF828B224551D3003E6DFD /* Debug */,
				3BAF828C224551D3003E6DFD /* Release */,
			);
			defaultConfigurationIsVisible = 0;
			defaultConfigurationName = Release;
		};
/* End XCConfigurationList section */
	};
	rootObject = 3BAF8250224551D1003E6DFD /* Project object */;
}
