// !$*UTF8*$!
{
	archiveVersion = 1;
	classes = {
	};
	objectVersion = 50;
	objects = {

/* Begin PBXBuildFile section */
		3B647E0D22945FAD007BBD84 /* AppDelegate.m in Sources */ = {isa = PBXBuildFile; fileRef = 3B647E0C22945FAD007BBD84 /* AppDelegate.m */; };
		3B647E1022945FAD007BBD84 /* ViewController.m in Sources */ = {isa = PBXBuildFile; fileRef = 3B647E0F22945FAD007BBD84 /* ViewController.m */; };
		3B647E1322945FAD007BBD84 /* Main.storyboard in Resources */ = {isa = PBXBuildFile; fileRef = 3B647E1122945FAD007BBD84 /* Main.storyboard */; };
		3B647E1522945FAF007BBD84 /* Assets.xcassets in Resources */ = {isa = PBXBuildFile; fileRef = 3B647E1422945FAF007BBD84 /* Assets.xcassets */; };
		3B647E1822945FAF007BBD84 /* LaunchScreen.storyboard in Resources */ = {isa = PBXBuildFile; fileRef = 3B647E1622945FAF007BBD84 /* LaunchScreen.storyboard */; };
		3B647E1B22945FAF007BBD84 /* main.m in Sources */ = {isa = PBXBuildFile; fileRef = 3B647E1A22945FAF007BBD84 /* main.m */; };
		3B647E29229460C9007BBD84 /* AppDelegate.m in Sources */ = {isa = PBXBuildFile; fileRef = 3B647E28229460C9007BBD84 /* AppDelegate.m */; };
		3B647E2C229460C9007BBD84 /* ViewController.m in Sources */ = {isa = PBXBuildFile; fileRef = 3B647E2B229460C9007BBD84 /* ViewController.m */; };
		3B647E2F229460C9007BBD84 /* Main.storyboard in Resources */ = {isa = PBXBuildFile; fileRef = 3B647E2D229460C9007BBD84 /* Main.storyboard */; };
		3B647E31229460CA007BBD84 /* Assets.xcassets in Resources */ = {isa = PBXBuildFile; fileRef = 3B647E30229460CA007BBD84 /* Assets.xcassets */; };
		3B647E34229460CA007BBD84 /* LaunchScreen.storyboard in Resources */ = {isa = PBXBuildFile; fileRef = 3B647E32229460CA007BBD84 /* LaunchScreen.storyboard */; };
		3B647E37229460CA007BBD84 /* main.m in Sources */ = {isa = PBXBuildFile; fileRef = 3B647E36229460CA007BBD84 /* main.m */; };
		3B647E3D22946352007BBD84 /* TwoViewController.m in Sources */ = {isa = PBXBuildFile; fileRef = 3B647E3C22946352007BBD84 /* TwoViewController.m */; };
		3B647E40229467C7007BBD84 /* Myproxy.m in Sources */ = {isa = PBXBuildFile; fileRef = 3B647E3F229467C7007BBD84 /* Myproxy.m */; };
		3BD969122296FAC300FA2D82 /* MyProxyTwo.m in Sources */ = {isa = PBXBuildFile; fileRef = 3BD969112296FAC300FA2D82 /* MyProxyTwo.m */; };
		3BD9691B2296FD3600FA2D82 /* AppDelegate.m in Sources */ = {isa = PBXBuildFile; fileRef = 3BD9691A2296FD3600FA2D82 /* AppDelegate.m */; };
		3BD9691E2296FD3600FA2D82 /* ViewController.m in Sources */ = {isa = PBXBuildFile; fileRef = 3BD9691D2296FD3600FA2D82 /* ViewController.m */; };
		3BD969212296FD3600FA2D82 /* Main.storyboard in Resources */ = {isa = PBXBuildFile; fileRef = 3BD9691F2296FD3600FA2D82 /* Main.storyboard */; };
		3BD969232296FD3800FA2D82 /* Assets.xcassets in Resources */ = {isa = PBXBuildFile; fileRef = 3BD969222296FD3800FA2D82 /* Assets.xcassets */; };
		3BD969262296FD3800FA2D82 /* LaunchScreen.storyboard in Resources */ = {isa = PBXBuildFile; fileRef = 3BD969242296FD3800FA2D82 /* LaunchScreen.storyboard */; };
		3BD969292296FD3800FA2D82 /* main.m in Sources */ = {isa = PBXBuildFile; fileRef = 3BD969282296FD3800FA2D82 /* main.m */; };
		3BD9692F2296FD6C00FA2D82 /* TwoViewController.m in Sources */ = {isa = PBXBuildFile; fileRef = 3BD9692E2296FD6C00FA2D82 /* TwoViewController.m */; };
/* End PBXBuildFile section */

/* Begin PBXFileReference section */
		3B647E0822945FAD007BBD84 /* 内存管理.app */ = {isa = PBXFileReference; explicitFileType = wrapper.application; includeInIndex = 0; path = "内存管理.app"; sourceTree = BUILT_PRODUCTS_DIR; };
		3B647E0B22945FAD007BBD84 /* AppDelegate.h */ = {isa = PBXFileReference; lastKnownFileType = sourcecode.c.h; path = AppDelegate.h; sourceTree = "<group>"; };
		3B647E0C22945FAD007BBD84 /* AppDelegate.m */ = {isa = PBXFileReference; lastKnownFileType = sourcecode.c.objc; path = AppDelegate.m; sourceTree = "<group>"; };
		3B647E0E22945FAD007BBD84 /* ViewController.h */ = {isa = PBXFileReference; lastKnownFileType = sourcecode.c.h; path = ViewController.h; sourceTree = "<group>"; };
		3B647E0F22945FAD007BBD84 /* ViewController.m */ = {isa = PBXFileReference; lastKnownFileType = sourcecode.c.objc; path = ViewController.m; sourceTree = "<group>"; };
		3B647E1222945FAD007BBD84 /* Base */ = {isa = PBXFileReference; lastKnownFileType = file.storyboard; name = Base; path = Base.lproj/Main.storyboard; sourceTree = "<group>"; };
		3B647E1422945FAF007BBD84 /* Assets.xcassets */ = {isa = PBXFileReference; lastKnownFileType = folder.assetcatalog; path = Assets.xcassets; sourceTree = "<group>"; };
		3B647E1722945FAF007BBD84 /* Base */ = {isa = PBXFileReference; lastKnownFileType = file.storyboard; name = Base; path = Base.lproj/LaunchScreen.storyboard; sourceTree = "<group>"; };
		3B647E1922945FAF007BBD84 /* Info.plist */ = {isa = PBXFileReference; lastKnownFileType = text.plist.xml; path = Info.plist; sourceTree = "<group>"; };
		3B647E1A22945FAF007BBD84 /* main.m */ = {isa = PBXFileReference; lastKnownFileType = sourcecode.c.objc; path = main.m; sourceTree = "<group>"; };
		3B647E25229460C9007BBD84 /* TimerDemo.app */ = {isa = PBXFileReference; explicitFileType = wrapper.application; includeInIndex = 0; path = TimerDemo.app; sourceTree = BUILT_PRODUCTS_DIR; };
		3B647E27229460C9007BBD84 /* AppDelegate.h */ = {isa = PBXFileReference; lastKnownFileType = sourcecode.c.h; path = AppDelegate.h; sourceTree = "<group>"; };
		3B647E28229460C9007BBD84 /* AppDelegate.m */ = {isa = PBXFileReference; lastKnownFileType = sourcecode.c.objc; path = AppDelegate.m; sourceTree = "<group>"; };
		3B647E2A229460C9007BBD84 /* ViewController.h */ = {isa = PBXFileReference; lastKnownFileType = sourcecode.c.h; path = ViewController.h; sourceTree = "<group>"; };
		3B647E2B229460C9007BBD84 /* ViewController.m */ = {isa = PBXFileReference; lastKnownFileType = sourcecode.c.objc; path = ViewController.m; sourceTree = "<group>"; };
		3B647E2E229460C9007BBD84 /* Base */ = {isa = PBXFileReference; lastKnownFileType = file.storyboard; name = Base; path = Base.lproj/Main.storyboard; sourceTree = "<group>"; };
		3B647E30229460CA007BBD84 /* Assets.xcassets */ = {isa = PBXFileReference; lastKnownFileType = folder.assetcatalog; path = Assets.xcassets; sourceTree = "<group>"; };
		3B647E33229460CA007BBD84 /* Base */ = {isa = PBXFileReference; lastKnownFileType = file.storyboard; name = Base; path = Base.lproj/LaunchScreen.storyboard; sourceTree = "<group>"; };
		3B647E35229460CA007BBD84 /* Info.plist */ = {isa = PBXFileReference; lastKnownFileType = text.plist.xml; path = Info.plist; sourceTree = "<group>"; };
		3B647E36229460CA007BBD84 /* main.m */ = {isa = PBXFileReference; lastKnownFileType = sourcecode.c.objc; path = main.m; sourceTree = "<group>"; };
		3B647E3B22946352007BBD84 /* TwoViewController.h */ = {isa = PBXFileReference; lastKnownFileType = sourcecode.c.h; path = TwoViewController.h; sourceTree = "<group>"; };
		3B647E3C22946352007BBD84 /* TwoViewController.m */ = {isa = PBXFileReference; lastKnownFileType = sourcecode.c.objc; path = TwoViewController.m; sourceTree = "<group>"; };
		3B647E3E229467C7007BBD84 /* Myproxy.h */ = {isa = PBXFileReference; lastKnownFileType = sourcecode.c.h; path = Myproxy.h; sourceTree = "<group>"; };
		3B647E3F229467C7007BBD84 /* Myproxy.m */ = {isa = PBXFileReference; lastKnownFileType = sourcecode.c.objc; path = Myproxy.m; sourceTree = "<group>"; };
		3BD969102296FAC300FA2D82 /* MyProxyTwo.h */ = {isa = PBXFileReference; lastKnownFileType = sourcecode.c.h; path = MyProxyTwo.h; sourceTree = "<group>"; };
		3BD969112296FAC300FA2D82 /* MyProxyTwo.m */ = {isa = PBXFileReference; lastKnownFileType = sourcecode.c.objc; path = MyProxyTwo.m; sourceTree = "<group>"; };
		3BD969172296FD3600FA2D82 /* GCDTimer.app */ = {isa = PBXFileReference; explicitFileType = wrapper.application; includeInIndex = 0; path = GCDTimer.app; sourceTree = BUILT_PRODUCTS_DIR; };
		3BD969192296FD3600FA2D82 /* AppDelegate.h */ = {isa = PBXFileReference; lastKnownFileType = sourcecode.c.h; path = AppDelegate.h; sourceTree = "<group>"; };
		3BD9691A2296FD3600FA2D82 /* AppDelegate.m */ = {isa = PBXFileReference; lastKnownFileType = sourcecode.c.objc; path = AppDelegate.m; sourceTree = "<group>"; };
		3BD9691C2296FD3600FA2D82 /* ViewController.h */ = {isa = PBXFileReference; lastKnownFileType = sourcecode.c.h; path = ViewController.h; sourceTree = "<group>"; };
		3BD9691D2296FD3600FA2D82 /* ViewController.m */ = {isa = PBXFileReference; lastKnownFileType = sourcecode.c.objc; path = ViewController.m; sourceTree = "<group>"; };
		3BD969202296FD3600FA2D82 /* Base */ = {isa = PBXFileReference; lastKnownFileType = file.storyboard; name = Base; path = Base.lproj/Main.storyboard; sourceTree = "<group>"; };
		3BD969222296FD3800FA2D82 /* Assets.xcassets */ = {isa = PBXFileReference; lastKnownFileType = folder.assetcatalog; path = Assets.xcassets; sourceTree = "<group>"; };
		3BD969252296FD3800FA2D82 /* Base */ = {isa = PBXFileReference; lastKnownFileType = file.storyboard; name = Base; path = Base.lproj/LaunchScreen.storyboard; sourceTree = "<group>"; };
		3BD969272296FD3800FA2D82 /* Info.plist */ = {isa = PBXFileReference; lastKnownFileType = text.plist.xml; path = Info.plist; sourceTree = "<group>"; };
		3BD969282296FD3800FA2D82 /* main.m */ = {isa = PBXFileReference; lastKnownFileType = sourcecode.c.objc; path = main.m; sourceTree = "<group>"; };
		3BD9692D2296FD6C00FA2D82 /* TwoViewController.h */ = {isa = PBXFileReference; lastKnownFileType = sourcecode.c.h; path = TwoViewController.h; sourceTree = "<group>"; };
		3BD9692E2296FD6C00FA2D82 /* TwoViewController.m */ = {isa = PBXFileReference; lastKnownFileType = sourcecode.c.objc; path = TwoViewController.m; sourceTree = "<group>"; };
/* End PBXFileReference section */

/* Begin PBXFrameworksBuildPhase section */
		3B647E0522945FAD007BBD84 /* Frameworks */ = {
			isa = PBXFrameworksBuildPhase;
			buildActionMask = 2147483647;
			files = (
			);
			runOnlyForDeploymentPostprocessing = 0;
		};
		3B647E22229460C9007BBD84 /* Frameworks */ = {
			isa = PBXFrameworksBuildPhase;
			buildActionMask = 2147483647;
			files = (
			);
			runOnlyForDeploymentPostprocessing = 0;
		};
		3BD969142296FD3600FA2D82 /* Frameworks */ = {
			isa = PBXFrameworksBuildPhase;
			buildActionMask = 2147483647;
			files = (
			);
			runOnlyForDeploymentPostprocessing = 0;
		};
/* End PBXFrameworksBuildPhase section */

/* Begin PBXGroup section */
		3B647DFF22945FAD007BBD84 = {
			isa = PBXGroup;
			children = (
				3B647E0A22945FAD007BBD84 /* 内存管理 */,
				3B647E26229460C9007BBD84 /* TimerDemo */,
				3BD969182296FD3600FA2D82 /* GCDTimer */,
				3B647E0922945FAD007BBD84 /* Products */,
			);
			sourceTree = "<group>";
		};
		3B647E0922945FAD007BBD84 /* Products */ = {
			isa = PBXGroup;
			children = (
				3B647E0822945FAD007BBD84 /* 内存管理.app */,
				3B647E25229460C9007BBD84 /* TimerDemo.app */,
				3BD969172296FD3600FA2D82 /* GCDTimer.app */,
			);
			name = Products;
			sourceTree = "<group>";
		};
		3B647E0A22945FAD007BBD84 /* 内存管理 */ = {
			isa = PBXGroup;
			children = (
				3B647E0B22945FAD007BBD84 /* AppDelegate.h */,
				3B647E0C22945FAD007BBD84 /* AppDelegate.m */,
				3B647E0E22945FAD007BBD84 /* ViewController.h */,
				3B647E0F22945FAD007BBD84 /* ViewController.m */,
				3B647E1122945FAD007BBD84 /* Main.storyboard */,
				3B647E1422945FAF007BBD84 /* Assets.xcassets */,
				3B647E1622945FAF007BBD84 /* LaunchScreen.storyboard */,
				3B647E1922945FAF007BBD84 /* Info.plist */,
				3B647E1A22945FAF007BBD84 /* main.m */,
			);
			path = "内存管理";
			sourceTree = "<group>";
		};
		3B647E26229460C9007BBD84 /* TimerDemo */ = {
			isa = PBXGroup;
			children = (
				3B647E27229460C9007BBD84 /* AppDelegate.h */,
				3B647E28229460C9007BBD84 /* AppDelegate.m */,
				3B647E2A229460C9007BBD84 /* ViewController.h */,
				3B647E2B229460C9007BBD84 /* ViewController.m */,
				3B647E3B22946352007BBD84 /* TwoViewController.h */,
				3B647E3C22946352007BBD84 /* TwoViewController.m */,
				3BD969102296FAC300FA2D82 /* MyProxyTwo.h */,
				3BD969112296FAC300FA2D82 /* MyProxyTwo.m */,
				3B647E3E229467C7007BBD84 /* Myproxy.h */,
				3B647E3F229467C7007BBD84 /* Myproxy.m */,
				3B647E2D229460C9007BBD84 /* Main.storyboard */,
				3B647E30229460CA007BBD84 /* Assets.xcassets */,
				3B647E32229460CA007BBD84 /* LaunchScreen.storyboard */,
				3B647E35229460CA007BBD84 /* Info.plist */,
				3B647E36229460CA007BBD84 /* main.m */,
			);
			path = TimerDemo;
			sourceTree = "<group>";
		};
		3BD969182296FD3600FA2D82 /* GCDTimer */ = {
			isa = PBXGroup;
			children = (
				3BD969192296FD3600FA2D82 /* AppDelegate.h */,
				3BD9691A2296FD3600FA2D82 /* AppDelegate.m */,
				3BD9691C2296FD3600FA2D82 /* ViewController.h */,
				3BD9691D2296FD3600FA2D82 /* ViewController.m */,
				3BD9692D2296FD6C00FA2D82 /* TwoViewController.h */,
				3BD9692E2296FD6C00FA2D82 /* TwoViewController.m */,
				3BD9691F2296FD3600FA2D82 /* Main.storyboard */,
				3BD969222296FD3800FA2D82 /* Assets.xcassets */,
				3BD969242296FD3800FA2D82 /* LaunchScreen.storyboard */,
				3BD969272296FD3800FA2D82 /* Info.plist */,
				3BD969282296FD3800FA2D82 /* main.m */,
			);
			path = GCDTimer;
			sourceTree = "<group>";
		};
/* End PBXGroup section */

/* Begin PBXNativeTarget section */
		3B647E0722945FAD007BBD84 /* 内存管理 */ = {
			isa = PBXNativeTarget;
			buildConfigurationList = 3B647E1E22945FAF007BBD84 /* Build configuration list for PBXNativeTarget "内存管理" */;
			buildPhases = (
				3B647E0422945FAD007BBD84 /* Sources */,
				3B647E0522945FAD007BBD84 /* Frameworks */,
				3B647E0622945FAD007BBD84 /* Resources */,
			);
			buildRules = (
			);
			dependencies = (
			);
			name = "内存管理";
			productName = "内存管理";
			productReference = 3B647E0822945FAD007BBD84 /* 内存管理.app */;
			productType = "com.apple.product-type.application";
		};
		3B647E24229460C9007BBD84 /* TimerDemo */ = {
			isa = PBXNativeTarget;
			buildConfigurationList = 3B647E38229460CA007BBD84 /* Build configuration list for PBXNativeTarget "TimerDemo" */;
			buildPhases = (
				3B647E21229460C9007BBD84 /* Sources */,
				3B647E22229460C9007BBD84 /* Frameworks */,
				3B647E23229460C9007BBD84 /* Resources */,
			);
			buildRules = (
			);
			dependencies = (
			);
			name = TimerDemo;
			productName = TimerDemo;
			productReference = 3B647E25229460C9007BBD84 /* TimerDemo.app */;
			productType = "com.apple.product-type.application";
		};
		3BD969162296FD3600FA2D82 /* GCDTimer */ = {
			isa = PBXNativeTarget;
			buildConfigurationList = 3BD9692A2296FD3800FA2D82 /* Build configuration list for PBXNativeTarget "GCDTimer" */;
			buildPhases = (
				3BD969132296FD3600FA2D82 /* Sources */,
				3BD969142296FD3600FA2D82 /* Frameworks */,
				3BD969152296FD3600FA2D82 /* Resources */,
			);
			buildRules = (
			);
			dependencies = (
			);
			name = GCDTimer;
			productName = GCDTimer;
			productReference = 3BD969172296FD3600FA2D82 /* GCDTimer.app */;
			productType = "com.apple.product-type.application";
		};
/* End PBXNativeTarget section */

/* Begin PBXProject section */
		3B647E0022945FAD007BBD84 /* Project object */ = {
			isa = PBXProject;
			attributes = {
				LastUpgradeCheck = 1010;
				ORGANIZATIONNAME = CharType;
				TargetAttributes = {
					3B647E0722945FAD007BBD84 = {
						CreatedOnToolsVersion = 10.1;
					};
					3B647E24229460C9007BBD84 = {
						CreatedOnToolsVersion = 10.1;
					};
					3BD969162296FD3600FA2D82 = {
						CreatedOnToolsVersion = 10.1;
					};
				};
			};
			buildConfigurationList = 3B647E0322945FAD007BBD84 /* Build configuration list for PBXProject "内存管理" */;
			compatibilityVersion = "Xcode 9.3";
			developmentRegion = en;
			hasScannedForEncodings = 0;
			knownRegions = (
				en,
				Base,
			);
			mainGroup = 3B647DFF22945FAD007BBD84;
			productRefGroup = 3B647E0922945FAD007BBD84 /* Products */;
			projectDirPath = "";
			projectRoot = "";
			targets = (
				3B647E0722945FAD007BBD84 /* 内存管理 */,
				3B647E24229460C9007BBD84 /* TimerDemo */,
				3BD969162296FD3600FA2D82 /* GCDTimer */,
			);
		};
/* End PBXProject section */

/* Begin PBXResourcesBuildPhase section */
		3B647E0622945FAD007BBD84 /* Resources */ = {
			isa = PBXResourcesBuildPhase;
			buildActionMask = 2147483647;
			files = (
				3B647E1822945FAF007BBD84 /* LaunchScreen.storyboard in Resources */,
				3B647E1522945FAF007BBD84 /* Assets.xcassets in Resources */,
				3B647E1322945FAD007BBD84 /* Main.storyboard in Resources */,
			);
			runOnlyForDeploymentPostprocessing = 0;
		};
		3B647E23229460C9007BBD84 /* Resources */ = {
			isa = PBXResourcesBuildPhase;
			buildActionMask = 2147483647;
			files = (
				3B647E34229460CA007BBD84 /* LaunchScreen.storyboard in Resources */,
				3B647E31229460CA007BBD84 /* Assets.xcassets in Resources */,
				3B647E2F229460C9007BBD84 /* Main.storyboard in Resources */,
			);
			runOnlyForDeploymentPostprocessing = 0;
		};
		3BD969152296FD3600FA2D82 /* Resources */ = {
			isa = PBXResourcesBuildPhase;
			buildActionMask = 2147483647;
			files = (
				3BD969262296FD3800FA2D82 /* LaunchScreen.storyboard in Resources */,
				3BD969232296FD3800FA2D82 /* Assets.xcassets in Resources */,
				3BD969212296FD3600FA2D82 /* Main.storyboard in Resources */,
			);
			runOnlyForDeploymentPostprocessing = 0;
		};
/* End PBXResourcesBuildPhase section */

/* Begin PBXSourcesBuildPhase section */
		3B647E0422945FAD007BBD84 /* Sources */ = {
			isa = PBXSourcesBuildPhase;
			buildActionMask = 2147483647;
			files = (
				3B647E1022945FAD007BBD84 /* ViewController.m in Sources */,
				3B647E1B22945FAF007BBD84 /* main.m in Sources */,
				3B647E0D22945FAD007BBD84 /* AppDelegate.m in Sources */,
			);
			runOnlyForDeploymentPostprocessing = 0;
		};
		3B647E21229460C9007BBD84 /* Sources */ = {
			isa = PBXSourcesBuildPhase;
			buildActionMask = 2147483647;
			files = (
				3B647E2C229460C9007BBD84 /* ViewController.m in Sources */,
				3B647E40229467C7007BBD84 /* Myproxy.m in Sources */,
				3B647E37229460CA007BBD84 /* main.m in Sources */,
				3BD969122296FAC300FA2D82 /* MyProxyTwo.m in Sources */,
				3B647E29229460C9007BBD84 /* AppDelegate.m in Sources */,
				3B647E3D22946352007BBD84 /* TwoViewController.m in Sources */,
			);
			runOnlyForDeploymentPostprocessing = 0;
		};
		3BD969132296FD3600FA2D82 /* Sources */ = {
			isa = PBXSourcesBuildPhase;
			buildActionMask = 2147483647;
			files = (
				3BD9691E2296FD3600FA2D82 /* ViewController.m in Sources */,
				3BD969292296FD3800FA2D82 /* main.m in Sources */,
				3BD9691B2296FD3600FA2D82 /* AppDelegate.m in Sources */,
				3BD9692F2296FD6C00FA2D82 /* TwoViewController.m in Sources */,
			);
			runOnlyForDeploymentPostprocessing = 0;
		};
/* End PBXSourcesBuildPhase section */

/* Begin PBXVariantGroup section */
		3B647E1122945FAD007BBD84 /* Main.storyboard */ = {
			isa = PBXVariantGroup;
			children = (
				3B647E1222945FAD007BBD84 /* Base */,
			);
			name = Main.storyboard;
			sourceTree = "<group>";
		};
		3B647E1622945FAF007BBD84 /* LaunchScreen.storyboard */ = {
			isa = PBXVariantGroup;
			children = (
				3B647E1722945FAF007BBD84 /* Base */,
			);
			name = LaunchScreen.storyboard;
			sourceTree = "<group>";
		};
		3B647E2D229460C9007BBD84 /* Main.storyboard */ = {
			isa = PBXVariantGroup;
			children = (
				3B647E2E229460C9007BBD84 /* Base */,
			);
			name = Main.storyboard;
			sourceTree = "<group>";
		};
		3B647E32229460CA007BBD84 /* LaunchScreen.storyboard */ = {
			isa = PBXVariantGroup;
			children = (
				3B647E33229460CA007BBD84 /* Base */,
			);
			name = LaunchScreen.storyboard;
			sourceTree = "<group>";
		};
		3BD9691F2296FD3600FA2D82 /* Main.storyboard */ = {
			isa = PBXVariantGroup;
			children = (
				3BD969202296FD3600FA2D82 /* Base */,
			);
			name = Main.storyboard;
			sourceTree = "<group>";
		};
		3BD969242296FD3800FA2D82 /* LaunchScreen.storyboard */ = {
			isa = PBXVariantGroup;
			children = (
				3BD969252296FD3800FA2D82 /* Base */,
			);
			name = LaunchScreen.storyboard;
			sourceTree = "<group>";
		};
/* End PBXVariantGroup section */

/* Begin XCBuildConfiguration section */
		3B647E1C22945FAF007BBD84 /* Debug */ = {
			isa = XCBuildConfiguration;
			buildSettings = {
				ALWAYS_SEARCH_USER_PATHS = NO;
				CLANG_ANALYZER_NONNULL = YES;
				CLANG_ANALYZER_NUMBER_OBJECT_CONVERSION = YES_AGGRESSIVE;
				CLANG_CXX_LANGUAGE_STANDARD = "gnu++14";
				CLANG_CXX_LIBRARY = "libc++";
				CLANG_ENABLE_MODULES = YES;
				CLANG_ENABLE_OBJC_ARC = YES;
				CLANG_ENABLE_OBJC_WEAK = YES;
				CLANG_WARN_BLOCK_CAPTURE_AUTORELEASING = YES;
				CLANG_WARN_BOOL_CONVERSION = YES;
				CLANG_WARN_COMMA = YES;
				CLANG_WARN_CONSTANT_CONVERSION = YES;
				CLANG_WARN_DEPRECATED_OBJC_IMPLEMENTATIONS = YES;
				CLANG_WARN_DIRECT_OBJC_ISA_USAGE = YES_ERROR;
				CLANG_WARN_DOCUMENTATION_COMMENTS = YES;
				CLANG_WARN_EMPTY_BODY = YES;
				CLANG_WARN_ENUM_CONVERSION = YES;
				CLANG_WARN_INFINITE_RECURSION = YES;
				CLANG_WARN_INT_CONVERSION = YES;
				CLANG_WARN_NON_LITERAL_NULL_CONVERSION = YES;
				CLANG_WARN_OBJC_IMPLICIT_RETAIN_SELF = YES;
				CLANG_WARN_OBJC_LITERAL_CONVERSION = YES;
				CLANG_WARN_OBJC_ROOT_CLASS = YES_ERROR;
				CLANG_WARN_RANGE_LOOP_ANALYSIS = YES;
				CLANG_WARN_STRICT_PROTOTYPES = YES;
				CLANG_WARN_SUSPICIOUS_MOVE = YES;
				CLANG_WARN_UNGUARDED_AVAILABILITY = YES_AGGRESSIVE;
				CLANG_WARN_UNREACHABLE_CODE = YES;
				CLANG_WARN__DUPLICATE_METHOD_MATCH = YES;
				CODE_SIGN_IDENTITY = "iPhone Developer";
				COPY_PHASE_STRIP = NO;
				DEBUG_INFORMATION_FORMAT = dwarf;
				ENABLE_STRICT_OBJC_MSGSEND = YES;
				ENABLE_TESTABILITY = YES;
				GCC_C_LANGUAGE_STANDARD = gnu11;
				GCC_DYNAMIC_NO_PIC = NO;
				GCC_NO_COMMON_BLOCKS = YES;
				GCC_OPTIMIZATION_LEVEL = 0;
				GCC_PREPROCESSOR_DEFINITIONS = (
					"DEBUG=1",
					"$(inherited)",
				);
				GCC_WARN_64_TO_32_BIT_CONVERSION = YES;
				GCC_WARN_ABOUT_RETURN_TYPE = YES_ERROR;
				GCC_WARN_UNDECLARED_SELECTOR = YES;
				GCC_WARN_UNINITIALIZED_AUTOS = YES_AGGRESSIVE;
				GCC_WARN_UNUSED_FUNCTION = YES;
				GCC_WARN_UNUSED_VARIABLE = YES;
				IPHONEOS_DEPLOYMENT_TARGET = 12.1;
				MTL_ENABLE_DEBUG_INFO = INCLUDE_SOURCE;
				MTL_FAST_MATH = YES;
				ONLY_ACTIVE_ARCH = YES;
				SDKROOT = iphoneos;
			};
			name = Debug;
		};
		3B647E1D22945FAF007BBD84 /* Release */ = {
			isa = XCBuildConfiguration;
			buildSettings = {
				ALWAYS_SEARCH_USER_PATHS = NO;
				CLANG_ANALYZER_NONNULL = YES;
				CLANG_ANALYZER_NUMBER_OBJECT_CONVERSION = YES_AGGRESSIVE;
				CLANG_CXX_LANGUAGE_STANDARD = "gnu++14";
				CLANG_CXX_LIBRARY = "libc++";
				CLANG_ENABLE_MODULES = YES;
				CLANG_ENABLE_OBJC_ARC = YES;
				CLANG_ENABLE_OBJC_WEAK = YES;
				CLANG_WARN_BLOCK_CAPTURE_AUTORELEASING = YES;
				CLANG_WARN_BOOL_CONVERSION = YES;
				CLANG_WARN_COMMA = YES;
				CLANG_WARN_CONSTANT_CONVERSION = YES;
				CLANG_WARN_DEPRECATED_OBJC_IMPLEMENTATIONS = YES;
				CLANG_WARN_DIRECT_OBJC_ISA_USAGE = YES_ERROR;
				CLANG_WARN_DOCUMENTATION_COMMENTS = YES;
				CLANG_WARN_EMPTY_BODY = YES;
				CLANG_WARN_ENUM_CONVERSION = YES;
				CLANG_WARN_INFINITE_RECURSION = YES;
				CLANG_WARN_INT_CONVERSION = YES;
				CLANG_WARN_NON_LITERAL_NULL_CONVERSION = YES;
				CLANG_WARN_OBJC_IMPLICIT_RETAIN_SELF = YES;
				CLANG_WARN_OBJC_LITERAL_CONVERSION = YES;
				CLANG_WARN_OBJC_ROOT_CLASS = YES_ERROR;
				CLANG_WARN_RANGE_LOOP_ANALYSIS = YES;
				CLANG_WARN_STRICT_PROTOTYPES = YES;
				CLANG_WARN_SUSPICIOUS_MOVE = YES;
				CLANG_WARN_UNGUARDED_AVAILABILITY = YES_AGGRESSIVE;
				CLANG_WARN_UNREACHABLE_CODE = YES;
				CLANG_WARN__DUPLICATE_METHOD_MATCH = YES;
				CODE_SIGN_IDENTITY = "iPhone Developer";
				COPY_PHASE_STRIP = NO;
				DEBUG_INFORMATION_FORMAT = "dwarf-with-dsym";
				ENABLE_NS_ASSERTIONS = NO;
				ENABLE_STRICT_OBJC_MSGSEND = YES;
				GCC_C_LANGUAGE_STANDARD = gnu11;
				GCC_NO_COMMON_BLOCKS = YES;
				GCC_WARN_64_TO_32_BIT_CONVERSION = YES;
				GCC_WARN_ABOUT_RETURN_TYPE = YES_ERROR;
				GCC_WARN_UNDECLARED_SELECTOR = YES;
				GCC_WARN_UNINITIALIZED_AUTOS = YES_AGGRESSIVE;
				GCC_WARN_UNUSED_FUNCTION = YES;
				GCC_WARN_UNUSED_VARIABLE = YES;
				IPHONEOS_DEPLOYMENT_TARGET = 12.1;
				MTL_ENABLE_DEBUG_INFO = NO;
				MTL_FAST_MATH = YES;
				SDKROOT = iphoneos;
				VALIDATE_PRODUCT = YES;
			};
			name = Release;
		};
		3B647E1F22945FAF007BBD84 /* Debug */ = {
			isa = XCBuildConfiguration;
			buildSettings = {
				ASSETCATALOG_COMPILER_APPICON_NAME = AppIcon;
				CODE_SIGN_STYLE = Automatic;
				INFOPLIST_FILE = "内存管理/Info.plist";
				LD_RUNPATH_SEARCH_PATHS = (
					"$(inherited)",
					"@executable_path/Frameworks",
				);
				PRODUCT_BUNDLE_IDENTIFIER = "com.ashaj.www.----";
				PRODUCT_NAME = "$(TARGET_NAME)";
				TARGETED_DEVICE_FAMILY = "1,2";
			};
			name = Debug;
		};
		3B647E2022945FAF007BBD84 /* Release */ = {
			isa = XCBuildConfiguration;
			buildSettings = {
				ASSETCATALOG_COMPILER_APPICON_NAME = AppIcon;
				CODE_SIGN_STYLE = Automatic;
				INFOPLIST_FILE = "内存管理/Info.plist";
				LD_RUNPATH_SEARCH_PATHS = (
					"$(inherited)",
					"@executable_path/Frameworks",
				);
				PRODUCT_BUNDLE_IDENTIFIER = "com.ashaj.www.----";
				PRODUCT_NAME = "$(TARGET_NAME)";
				TARGETED_DEVICE_FAMILY = "1,2";
			};
			name = Release;
		};
		3B647E39229460CA007BBD84 /* Debug */ = {
			isa = XCBuildConfiguration;
			buildSettings = {
				ASSETCATALOG_COMPILER_APPICON_NAME = AppIcon;
				CODE_SIGN_STYLE = Automatic;
				INFOPLIST_FILE = TimerDemo/Info.plist;
				LD_RUNPATH_SEARCH_PATHS = (
					"$(inherited)",
					"@executable_path/Frameworks",
				);
				PRODUCT_BUNDLE_IDENTIFIER = com.ashaj.www.TimerDemo;
				PRODUCT_NAME = "$(TARGET_NAME)";
				TARGETED_DEVICE_FAMILY = "1,2";
			};
			name = Debug;
		};
		3B647E3A229460CA007BBD84 /* Release */ = {
			isa = XCBuildConfiguration;
			buildSettings = {
				ASSETCATALOG_COMPILER_APPICON_NAME = AppIcon;
				CODE_SIGN_STYLE = Automatic;
				INFOPLIST_FILE = TimerDemo/Info.plist;
				LD_RUNPATH_SEARCH_PATHS = (
					"$(inherited)",
					"@executable_path/Frameworks",
				);
				PRODUCT_BUNDLE_IDENTIFIER = com.ashaj.www.TimerDemo;
				PRODUCT_NAME = "$(TARGET_NAME)";
				TARGETED_DEVICE_FAMILY = "1,2";
			};
			name = Release;
		};
		3BD9692B2296FD3800FA2D82 /* Debug */ = {
			isa = XCBuildConfiguration;
			buildSettings = {
				ASSETCATALOG_COMPILER_APPICON_NAME = AppIcon;
				CODE_SIGN_STYLE = Automatic;
				INFOPLIST_FILE = GCDTimer/Info.plist;
				LD_RUNPATH_SEARCH_PATHS = (
					"$(inherited)",
					"@executable_path/Frameworks",
				);
				PRODUCT_BUNDLE_IDENTIFIER = com.ashaj.www.GCDTimer;
				PRODUCT_NAME = "$(TARGET_NAME)";
				TARGETED_DEVICE_FAMILY = "1,2";
			};
			name = Debug;
		};
		3BD9692C2296FD3800FA2D82 /* Release */ = {
			isa = XCBuildConfiguration;
			buildSettings = {
				ASSETCATALOG_COMPILER_APPICON_NAME = AppIcon;
				CODE_SIGN_STYLE = Automatic;
				INFOPLIST_FILE = GCDTimer/Info.plist;
				LD_RUNPATH_SEARCH_PATHS = (
					"$(inherited)",
					"@executable_path/Frameworks",
				);
				PRODUCT_BUNDLE_IDENTIFIER = com.ashaj.www.GCDTimer;
				PRODUCT_NAME = "$(TARGET_NAME)";
				TARGETED_DEVICE_FAMILY = "1,2";
			};
			name = Release;
		};
/* End XCBuildConfiguration section */

/* Begin XCConfigurationList section */
		3B647E0322945FAD007BBD84 /* Build configuration list for PBXProject "内存管理" */ = {
			isa = XCConfigurationList;
			buildConfigurations = (
				3B647E1C22945FAF007BBD84 /* Debug */,
				3B647E1D22945FAF007BBD84 /* Release */,
			);
			defaultConfigurationIsVisible = 0;
			defaultConfigurationName = Release;
		};
		3B647E1E22945FAF007BBD84 /* Build configuration list for PBXNativeTarget "内存管理" */ = {
			isa = XCConfigurationList;
			buildConfigurations = (
				3B647E1F22945FAF007BBD84 /* Debug */,
				3B647E2022945FAF007BBD84 /* Release */,
			);
			defaultConfigurationIsVisible = 0;
			defaultConfigurationName = Release;
		};
		3B647E38229460CA007BBD84 /* Build configuration list for PBXNativeTarget "TimerDemo" */ = {
			isa = XCConfigurationList;
			buildConfigurations = (
				3B647E39229460CA007BBD84 /* Debug */,
				3B647E3A229460CA007BBD84 /* Release */,
			);
			defaultConfigurationIsVisible = 0;
			defaultConfigurationName = Release;
		};
		3BD9692A2296FD3800FA2D82 /* Build configuration list for PBXNativeTarget "GCDTimer" */ = {
			isa = XCConfigurationList;
			buildConfigurations = (
				3BD9692B2296FD3800FA2D82 /* Debug */,
				3BD9692C2296FD3800FA2D82 /* Release */,
			);
			defaultConfigurationIsVisible = 0;
			defaultConfigurationName = Release;
		};
/* End XCConfigurationList section */
	};
	rootObject = 3B647E0022945FAD007BBD84 /* Project object */;
}
